// !$*UTF8*$!
{
	archiveVersion = 1;
	classes = {
	};
	objectVersion = 56;
	objects = {

/* Begin PBXBuildFile section */
		7A073A0F2B8D11150004EC0B /* Location_Based_CouponsApp.swift in Sources */ = {isa = PBXBuildFile; fileRef = 7A073A0E2B8D11150004EC0B /* Location_Based_CouponsApp.swift */; };
		7A073A112B8D11150004EC0B /* ContentView.swift in Sources */ = {isa = PBXBuildFile; fileRef = 7A073A102B8D11150004EC0B /* ContentView.swift */; };
		7A073A132B8D111A0004EC0B /* Assets.xcassets in Resources */ = {isa = PBXBuildFile; fileRef = 7A073A122B8D111A0004EC0B /* Assets.xcassets */; };
		7A073A162B8D111A0004EC0B /* Preview Assets.xcassets in Resources */ = {isa = PBXBuildFile; fileRef = 7A073A152B8D111A0004EC0B /* Preview Assets.xcassets */; };
		7A1932A82B8E78B1005BF32B /* LoginView.swift in Sources */ = {isa = PBXBuildFile; fileRef = 7A1932A72B8E78B1005BF32B /* LoginView.swift */; };
		7A1932AA2B8E79A2005BF32B /* InputView.swift in Sources */ = {isa = PBXBuildFile; fileRef = 7A1932A92B8E79A2005BF32B /* InputView.swift */; };
		7A1932AC2B8E7CCC005BF32B /* SignInButton.swift in Sources */ = {isa = PBXBuildFile; fileRef = 7A1932AB2B8E7CCC005BF32B /* SignInButton.swift */; };
		7A1932AE2B8E7FCA005BF32B /* RegistrationView.swift in Sources */ = {isa = PBXBuildFile; fileRef = 7A1932AD2B8E7FCA005BF32B /* RegistrationView.swift */; };
/* End PBXBuildFile section */

/* Begin PBXFileReference section */
		7A073A0B2B8D11150004EC0B /* Location-Based-Coupons.app */ = {isa = PBXFileReference; explicitFileType = wrapper.application; includeInIndex = 0; path = "Location-Based-Coupons.app"; sourceTree = BUILT_PRODUCTS_DIR; };
		7A073A0E2B8D11150004EC0B /* Location_Based_CouponsApp.swift */ = {isa = PBXFileReference; lastKnownFileType = sourcecode.swift; path = Location_Based_CouponsApp.swift; sourceTree = "<group>"; };
		7A073A102B8D11150004EC0B /* ContentView.swift */ = {isa = PBXFileReference; lastKnownFileType = sourcecode.swift; path = ContentView.swift; sourceTree = "<group>"; };
		7A073A122B8D111A0004EC0B /* Assets.xcassets */ = {isa = PBXFileReference; lastKnownFileType = folder.assetcatalog; path = Assets.xcassets; sourceTree = "<group>"; };
		7A073A152B8D111A0004EC0B /* Preview Assets.xcassets */ = {isa = PBXFileReference; lastKnownFileType = folder.assetcatalog; path = "Preview Assets.xcassets"; sourceTree = "<group>"; };
		7A1932A72B8E78B1005BF32B /* LoginView.swift */ = {isa = PBXFileReference; lastKnownFileType = sourcecode.swift; path = LoginView.swift; sourceTree = "<group>"; };
		7A1932A92B8E79A2005BF32B /* InputView.swift */ = {isa = PBXFileReference; lastKnownFileType = sourcecode.swift; path = InputView.swift; sourceTree = "<group>"; };
		7A1932AB2B8E7CCC005BF32B /* SignInButton.swift */ = {isa = PBXFileReference; lastKnownFileType = sourcecode.swift; path = SignInButton.swift; sourceTree = "<group>"; };
		7A1932AD2B8E7FCA005BF32B /* RegistrationView.swift */ = {isa = PBXFileReference; lastKnownFileType = sourcecode.swift; path = RegistrationView.swift; sourceTree = "<group>"; };
/* End PBXFileReference section */

/* Begin PBXFrameworksBuildPhase section */
		7A073A082B8D11150004EC0B /* Frameworks */ = {
			isa = PBXFrameworksBuildPhase;
			buildActionMask = 2147483647;
			files = (
			);
			runOnlyForDeploymentPostprocessing = 0;
		};
/* End PBXFrameworksBuildPhase section */

/* Begin PBXGroup section */
		7A073A022B8D11150004EC0B = {
			isa = PBXGroup;
			children = (
				7A073A0D2B8D11150004EC0B /* Location-Based-Coupons */,
				7A073A0C2B8D11150004EC0B /* Products */,
			);
			sourceTree = "<group>";
		};
		7A073A0C2B8D11150004EC0B /* Products */ = {
			isa = PBXGroup;
			children = (
				7A073A0B2B8D11150004EC0B /* Location-Based-Coupons.app */,
			);
			name = Products;
			sourceTree = "<group>";
		};
		7A073A0D2B8D11150004EC0B /* Location-Based-Coupons */ = {
			isa = PBXGroup;
			children = (
				7A1932A02B8E782B005BF32B /* App */,
				7A1932A12B8E782F005BF32B /* Components */,
				7A1932A22B8E7837005BF32B /* Core */,
				7A1932A32B8E7846005BF32B /* Model */,
				7A073A122B8D111A0004EC0B /* Assets.xcassets */,
				7A073A142B8D111A0004EC0B /* Preview Content */,
			);
			path = "Location-Based-Coupons";
			sourceTree = "<group>";
		};
		7A073A142B8D111A0004EC0B /* Preview Content */ = {
			isa = PBXGroup;
			children = (
				7A073A152B8D111A0004EC0B /* Preview Assets.xcassets */,
			);
			path = "Preview Content";
			sourceTree = "<group>";
		};
		7A1932A02B8E782B005BF32B /* App */ = {
			isa = PBXGroup;
			children = (
				7A073A0E2B8D11150004EC0B /* Location_Based_CouponsApp.swift */,
			);
			path = App;
			sourceTree = "<group>";
		};
		7A1932A12B8E782F005BF32B /* Components */ = {
			isa = PBXGroup;
			children = (
				7A1932A92B8E79A2005BF32B /* InputView.swift */,
				7A1932AB2B8E7CCC005BF32B /* SignInButton.swift */,
			);
			path = Components;
			sourceTree = "<group>";
		};
		7A1932A22B8E7837005BF32B /* Core */ = {
			isa = PBXGroup;
			children = (
				7A1932A42B8E787B005BF32B /* Authentication */,
				7A1932A62B8E788C005BF32B /* Root */,
				7A1932A52B8E7885005BF32B /* Profile */,
			);
			path = Core;
			sourceTree = "<group>";
		};
		7A1932A32B8E7846005BF32B /* Model */ = {
			isa = PBXGroup;
			children = (
			);
			path = Model;
			sourceTree = "<group>";
		};
		7A1932A42B8E787B005BF32B /* Authentication */ = {
			isa = PBXGroup;
			children = (
				7A1932A72B8E78B1005BF32B /* LoginView.swift */,
				7A1932AD2B8E7FCA005BF32B /* RegistrationView.swift */,
			);
			path = Authentication;
			sourceTree = "<group>";
		};
		7A1932A52B8E7885005BF32B /* Profile */ = {
			isa = PBXGroup;
			children = (
			);
			path = Profile;
			sourceTree = "<group>";
		};
		7A1932A62B8E788C005BF32B /* Root */ = {
			isa = PBXGroup;
			children = (
				7A073A102B8D11150004EC0B /* ContentView.swift */,
			);
			path = Root;
			sourceTree = "<group>";
		};
/* End PBXGroup section */

/* Begin PBXNativeTarget section */
		7A073A0A2B8D11150004EC0B /* Location-Based-Coupons */ = {
			isa = PBXNativeTarget;
			buildConfigurationList = 7A073A192B8D111A0004EC0B /* Build configuration list for PBXNativeTarget "Location-Based-Coupons" */;
			buildPhases = (
				7A073A072B8D11150004EC0B /* Sources */,
				7A073A082B8D11150004EC0B /* Frameworks */,
				7A073A092B8D11150004EC0B /* Resources */,
			);
			buildRules = (
			);
			dependencies = (
			);
			name = "Location-Based-Coupons";
			productName = "Location-Based-Coupons";
			productReference = 7A073A0B2B8D11150004EC0B /* Location-Based-Coupons.app */;
			productType = "com.apple.product-type.application";
		};
/* End PBXNativeTarget section */

/* Begin PBXProject section */
		7A073A032B8D11150004EC0B /* Project object */ = {
			isa = PBXProject;
			attributes = {
				BuildIndependentTargetsInParallel = 1;
				LastSwiftUpdateCheck = 1520;
				LastUpgradeCheck = 1520;
				TargetAttributes = {
					7A073A0A2B8D11150004EC0B = {
						CreatedOnToolsVersion = 15.2;
					};
				};
			};
			buildConfigurationList = 7A073A062B8D11150004EC0B /* Build configuration list for PBXProject "Location-Based-Coupons" */;
			compatibilityVersion = "Xcode 14.0";
			developmentRegion = en;
			hasScannedForEncodings = 0;
			knownRegions = (
				en,
				Base,
			);
			mainGroup = 7A073A022B8D11150004EC0B;
			productRefGroup = 7A073A0C2B8D11150004EC0B /* Products */;
			projectDirPath = "";
			projectRoot = "";
			targets = (
				7A073A0A2B8D11150004EC0B /* Location-Based-Coupons */,
			);
		};
/* End PBXProject section */

/* Begin PBXResourcesBuildPhase section */
		7A073A092B8D11150004EC0B /* Resources */ = {
			isa = PBXResourcesBuildPhase;
			buildActionMask = 2147483647;
			files = (
				7A073A162B8D111A0004EC0B /* Preview Assets.xcassets in Resources */,
				7A073A132B8D111A0004EC0B /* Assets.xcassets in Resources */,
			);
			runOnlyForDeploymentPostprocessing = 0;
		};
/* End PBXResourcesBuildPhase section */

/* Begin PBXSourcesBuildPhase section */
		7A073A072B8D11150004EC0B /* Sources */ = {
			isa = PBXSourcesBuildPhase;
			buildActionMask = 2147483647;
			files = (
				7A1932AC2B8E7CCC005BF32B /* SignInButton.swift in Sources */,
				7A1932A82B8E78B1005BF32B /* LoginView.swift in Sources */,
				7A1932AA2B8E79A2005BF32B /* InputView.swift in Sources */,
				7A1932AE2B8E7FCA005BF32B /* RegistrationView.swift in Sources */,
				7A073A112B8D11150004EC0B /* ContentView.swift in Sources */,
				7A073A0F2B8D11150004EC0B /* Location_Based_CouponsApp.swift in Sources */,
			);
			runOnlyForDeploymentPostprocessing = 0;
		};
/* End PBXSourcesBuildPhase section */

/* Begin XCBuildConfiguration section */
		7A073A172B8D111A0004EC0B /* Debug */ = {
			isa = XCBuildConfiguration;
			buildSettings = {
				ALWAYS_SEARCH_USER_PATHS = NO;
				ASSETCATALOG_COMPILER_GENERATE_SWIFT_ASSET_SYMBOL_EXTENSIONS = YES;
				CLANG_ANALYZER_NONNULL = YES;
				CLANG_ANALYZER_NUMBER_OBJECT_CONVERSION = YES_AGGRESSIVE;
				CLANG_CXX_LANGUAGE_STANDARD = "gnu++20";
				CLANG_ENABLE_MODULES = YES;
				CLANG_ENABLE_OBJC_ARC = YES;
				CLANG_ENABLE_OBJC_WEAK = YES;
				CLANG_WARN_BLOCK_CAPTURE_AUTORELEASING = YES;
				CLANG_WARN_BOOL_CONVERSION = YES;
				CLANG_WARN_COMMA = YES;
				CLANG_WARN_CONSTANT_CONVERSION = YES;
				CLANG_WARN_DEPRECATED_OBJC_IMPLEMENTATIONS = YES;
				CLANG_WARN_DIRECT_OBJC_ISA_USAGE = YES_ERROR;
				CLANG_WARN_DOCUMENTATION_COMMENTS = YES;
				CLANG_WARN_EMPTY_BODY = YES;
				CLANG_WARN_ENUM_CONVERSION = YES;
				CLANG_WARN_INFINITE_RECURSION = YES;
				CLANG_WARN_INT_CONVERSION = YES;
				CLANG_WARN_NON_LITERAL_NULL_CONVERSION = YES;
				CLANG_WARN_OBJC_IMPLICIT_RETAIN_SELF = YES;
				CLANG_WARN_OBJC_LITERAL_CONVERSION = YES;
				CLANG_WARN_OBJC_ROOT_CLASS = YES_ERROR;
				CLANG_WARN_QUOTED_INCLUDE_IN_FRAMEWORK_HEADER = YES;
				CLANG_WARN_RANGE_LOOP_ANALYSIS = YES;
				CLANG_WARN_STRICT_PROTOTYPES = YES;
				CLANG_WARN_SUSPICIOUS_MOVE = YES;
				CLANG_WARN_UNGUARDED_AVAILABILITY = YES_AGGRESSIVE;
				CLANG_WARN_UNREACHABLE_CODE = YES;
				CLANG_WARN__DUPLICATE_METHOD_MATCH = YES;
				COPY_PHASE_STRIP = NO;
				DEBUG_INFORMATION_FORMAT = dwarf;
				ENABLE_STRICT_OBJC_MSGSEND = YES;
				ENABLE_TESTABILITY = YES;
				ENABLE_USER_SCRIPT_SANDBOXING = YES;
				GCC_C_LANGUAGE_STANDARD = gnu17;
				GCC_DYNAMIC_NO_PIC = NO;
				GCC_NO_COMMON_BLOCKS = YES;
				GCC_OPTIMIZATION_LEVEL = 0;
				GCC_PREPROCESSOR_DEFINITIONS = (
					"DEBUG=1",
					"$(inherited)",
				);
				GCC_WARN_64_TO_32_BIT_CONVERSION = YES;
				GCC_WARN_ABOUT_RETURN_TYPE = YES_ERROR;
				GCC_WARN_UNDECLARED_SELECTOR = YES;
				GCC_WARN_UNINITIALIZED_AUTOS = YES_AGGRESSIVE;
				GCC_WARN_UNUSED_FUNCTION = YES;
				GCC_WARN_UNUSED_VARIABLE = YES;
				IPHONEOS_DEPLOYMENT_TARGET = 17.2;
				LOCALIZATION_PREFERS_STRING_CATALOGS = YES;
				MTL_ENABLE_DEBUG_INFO = INCLUDE_SOURCE;
				MTL_FAST_MATH = YES;
				ONLY_ACTIVE_ARCH = YES;
				SDKROOT = iphoneos;
				SWIFT_ACTIVE_COMPILATION_CONDITIONS = "DEBUG $(inherited)";
				SWIFT_OPTIMIZATION_LEVEL = "-Onone";
			};
			name = Debug;
		};
		7A073A182B8D111A0004EC0B /* Release */ = {
			isa = XCBuildConfiguration;
			buildSettings = {
				ALWAYS_SEARCH_USER_PATHS = NO;
				ASSETCATALOG_COMPILER_GENERATE_SWIFT_ASSET_SYMBOL_EXTENSIONS = YES;
				CLANG_ANALYZER_NONNULL = YES;
				CLANG_ANALYZER_NUMBER_OBJECT_CONVERSION = YES_AGGRESSIVE;
				CLANG_CXX_LANGUAGE_STANDARD = "gnu++20";
				CLANG_ENABLE_MODULES = YES;
				CLANG_ENABLE_OBJC_ARC = YES;
				CLANG_ENABLE_OBJC_WEAK = YES;
				CLANG_WARN_BLOCK_CAPTURE_AUTORELEASING = YES;
				CLANG_WARN_BOOL_CONVERSION = YES;
				CLANG_WARN_COMMA = YES;
				CLANG_WARN_CONSTANT_CONVERSION = YES;
				CLANG_WARN_DEPRECATED_OBJC_IMPLEMENTATIONS = YES;
				CLANG_WARN_DIRECT_OBJC_ISA_USAGE = YES_ERROR;
				CLANG_WARN_DOCUMENTATION_COMMENTS = YES;
				CLANG_WARN_EMPTY_BODY = YES;
				CLANG_WARN_ENUM_CONVERSION = YES;
				CLANG_WARN_INFINITE_RECURSION = YES;
				CLANG_WARN_INT_CONVERSION = YES;
				CLANG_WARN_NON_LITERAL_NULL_CONVERSION = YES;
				CLANG_WARN_OBJC_IMPLICIT_RETAIN_SELF = YES;
				CLANG_WARN_OBJC_LITERAL_CONVERSION = YES;
				CLANG_WARN_OBJC_ROOT_CLASS = YES_ERROR;
				CLANG_WARN_QUOTED_INCLUDE_IN_FRAMEWORK_HEADER = YES;
				CLANG_WARN_RANGE_LOOP_ANALYSIS = YES;
				CLANG_WARN_STRICT_PROTOTYPES = YES;
				CLANG_WARN_SUSPICIOUS_MOVE = YES;
				CLANG_WARN_UNGUARDED_AVAILABILITY = YES_AGGRESSIVE;
				CLANG_WARN_UNREACHABLE_CODE = YES;
				CLANG_WARN__DUPLICATE_METHOD_MATCH = YES;
				COPY_PHASE_STRIP = NO;
				DEBUG_INFORMATION_FORMAT = "dwarf-with-dsym";
				ENABLE_NS_ASSERTIONS = NO;
				ENABLE_STRICT_OBJC_MSGSEND = YES;
				ENABLE_USER_SCRIPT_SANDBOXING = YES;
				GCC_C_LANGUAGE_STANDARD = gnu17;
				GCC_NO_COMMON_BLOCKS = YES;
				GCC_WARN_64_TO_32_BIT_CONVERSION = YES;
				GCC_WARN_ABOUT_RETURN_TYPE = YES_ERROR;
				GCC_WARN_UNDECLARED_SELECTOR = YES;
				GCC_WARN_UNINITIALIZED_AUTOS = YES_AGGRESSIVE;
				GCC_WARN_UNUSED_FUNCTION = YES;
				GCC_WARN_UNUSED_VARIABLE = YES;
				IPHONEOS_DEPLOYMENT_TARGET = 17.2;
				LOCALIZATION_PREFERS_STRING_CATALOGS = YES;
				MTL_ENABLE_DEBUG_INFO = NO;
				MTL_FAST_MATH = YES;
				SDKROOT = iphoneos;
				SWIFT_COMPILATION_MODE = wholemodule;
				VALIDATE_PRODUCT = YES;
			};
			name = Release;
		};
		7A073A1A2B8D111A0004EC0B /* Debug */ = {
			isa = XCBuildConfiguration;
			buildSettings = {
				ASSETCATALOG_COMPILER_APPICON_NAME = AppIcon;
				ASSETCATALOG_COMPILER_GLOBAL_ACCENT_COLOR_NAME = AccentColor;
				CODE_SIGN_STYLE = Automatic;
				CURRENT_PROJECT_VERSION = 1;
				DEVELOPMENT_ASSET_PATHS = "\"Location-Based-Coupons/Preview Content\"";
				DEVELOPMENT_TEAM = GLKAG42YK6;
				ENABLE_PREVIEWS = YES;
				GENERATE_INFOPLIST_FILE = YES;
				INFOPLIST_KEY_UIApplicationSceneManifest_Generation = YES;
				INFOPLIST_KEY_UIApplicationSupportsIndirectInputEvents = YES;
				INFOPLIST_KEY_UILaunchScreen_Generation = YES;
				INFOPLIST_KEY_UISupportedInterfaceOrientations_iPad = "UIInterfaceOrientationPortrait UIInterfaceOrientationPortraitUpsideDown UIInterfaceOrientationLandscapeLeft UIInterfaceOrientationLandscapeRight";
				INFOPLIST_KEY_UISupportedInterfaceOrientations_iPhone = "UIInterfaceOrientationPortrait UIInterfaceOrientationLandscapeLeft UIInterfaceOrientationLandscapeRight";
				LD_RUNPATH_SEARCH_PATHS = (
					"$(inherited)",
					"@executable_path/Frameworks",
				);
				MARKETING_VERSION = 1.0;
				PRODUCT_BUNDLE_IDENTIFIER = "POOSD18.Location-Based-Coupons";
				PRODUCT_NAME = "$(TARGET_NAME)";
				SWIFT_EMIT_LOC_STRINGS = YES;
				SWIFT_VERSION = 5.0;
				TARGETED_DEVICE_FAMILY = "1,2";
			};
			name = Debug;
		};
		7A073A1B2B8D111A0004EC0B /* Release */ = {
			isa = XCBuildConfiguration;
			buildSettings = {
				ASSETCATALOG_COMPILER_APPICON_NAME = AppIcon;
				ASSETCATALOG_COMPILER_GLOBAL_ACCENT_COLOR_NAME = AccentColor;
				CODE_SIGN_STYLE = Automatic;
				CURRENT_PROJECT_VERSION = 1;
				DEVELOPMENT_ASSET_PATHS = "\"Location-Based-Coupons/Preview Content\"";
				DEVELOPMENT_TEAM = GLKAG42YK6;
				ENABLE_PREVIEWS = YES;
				GENERATE_INFOPLIST_FILE = YES;
				INFOPLIST_KEY_UIApplicationSceneManifest_Generation = YES;
				INFOPLIST_KEY_UIApplicationSupportsIndirectInputEvents = YES;
				INFOPLIST_KEY_UILaunchScreen_Generation = YES;
				INFOPLIST_KEY_UISupportedInterfaceOrientations_iPad = "UIInterfaceOrientationPortrait UIInterfaceOrientationPortraitUpsideDown UIInterfaceOrientationLandscapeLeft UIInterfaceOrientationLandscapeRight";
				INFOPLIST_KEY_UISupportedInterfaceOrientations_iPhone = "UIInterfaceOrientationPortrait UIInterfaceOrientationLandscapeLeft UIInterfaceOrientationLandscapeRight";
				LD_RUNPATH_SEARCH_PATHS = (
					"$(inherited)",
					"@executable_path/Frameworks",
				);
				MARKETING_VERSION = 1.0;
				PRODUCT_BUNDLE_IDENTIFIER = "POOSD18.Location-Based-Coupons";
				PRODUCT_NAME = "$(TARGET_NAME)";
				SWIFT_EMIT_LOC_STRINGS = YES;
				SWIFT_VERSION = 5.0;
				TARGETED_DEVICE_FAMILY = "1,2";
			};
			name = Release;
		};
/* End XCBuildConfiguration section */

/* Begin XCConfigurationList section */
		7A073A062B8D11150004EC0B /* Build configuration list for PBXProject "Location-Based-Coupons" */ = {
			isa = XCConfigurationList;
			buildConfigurations = (
				7A073A172B8D111A0004EC0B /* Debug */,
				7A073A182B8D111A0004EC0B /* Release */,
			);
			defaultConfigurationIsVisible = 0;
			defaultConfigurationName = Release;
		};
		7A073A192B8D111A0004EC0B /* Build configuration list for PBXNativeTarget "Location-Based-Coupons" */ = {
			isa = XCConfigurationList;
			buildConfigurations = (
				7A073A1A2B8D111A0004EC0B /* Debug */,
				7A073A1B2B8D111A0004EC0B /* Release */,
			);
			defaultConfigurationIsVisible = 0;
			defaultConfigurationName = Release;
		};
/* End XCConfigurationList section */
	};
	rootObject = 7A073A032B8D11150004EC0B /* Project object */;
}
