// !$*UTF8*$!
{
	archiveVersion = 1;
	classes = {
	};
	objectVersion = 56;
	objects = {

/* Begin PBXBuildFile section */
		7A073A0F2B8D11150004EC0B /* Location_Based_CouponsApp.swift in Sources */ = {isa = PBXBuildFile; fileRef = 7A073A0E2B8D11150004EC0B /* Location_Based_CouponsApp.swift */; };
		7A073A112B8D11150004EC0B /* ContentView.swift in Sources */ = {isa = PBXBuildFile; fileRef = 7A073A102B8D11150004EC0B /* ContentView.swift */; };
		7A073A132B8D111A0004EC0B /* Assets.xcassets in Resources */ = {isa = PBXBuildFile; fileRef = 7A073A122B8D111A0004EC0B /* Assets.xcassets */; };
		7A073A162B8D111A0004EC0B /* Preview Assets.xcassets in Resources */ = {isa = PBXBuildFile; fileRef = 7A073A152B8D111A0004EC0B /* Preview Assets.xcassets */; };
		7A1932A82B8E78B1005BF32B /* LoginView.swift in Sources */ = {isa = PBXBuildFile; fileRef = 7A1932A72B8E78B1005BF32B /* LoginView.swift */; };
		7A1932AA2B8E79A2005BF32B /* InputView.swift in Sources */ = {isa = PBXBuildFile; fileRef = 7A1932A92B8E79A2005BF32B /* InputView.swift */; };
		7A1932AC2B8E7CCC005BF32B /* SignInButton.swift in Sources */ = {isa = PBXBuildFile; fileRef = 7A1932AB2B8E7CCC005BF32B /* SignInButton.swift */; };
		7A1932AE2B8E7FCA005BF32B /* RegistrationView.swift in Sources */ = {isa = PBXBuildFile; fileRef = 7A1932AD2B8E7FCA005BF32B /* RegistrationView.swift */; };
		7A1932B02B8FA623005BF32B /* ProfileView.swift in Sources */ = {isa = PBXBuildFile; fileRef = 7A1932AF2B8FA623005BF32B /* ProfileView.swift */; };
		7A1932B22B8FA826005BF32B /* SettingsRowView.swift in Sources */ = {isa = PBXBuildFile; fileRef = 7A1932B12B8FA826005BF32B /* SettingsRowView.swift */; };
		7A1932B42B8FAA69005BF32B /* User.swift in Sources */ = {isa = PBXBuildFile; fileRef = 7A1932B32B8FAA69005BF32B /* User.swift */; };
		7A1932B92B91128A005BF32B /* FirebaseAnalytics in Frameworks */ = {isa = PBXBuildFile; productRef = 7A1932B82B91128A005BF32B /* FirebaseAnalytics */; };
		7A1932BB2B91128A005BF32B /* FirebaseAnalyticsOnDeviceConversion in Frameworks */ = {isa = PBXBuildFile; productRef = 7A1932BA2B91128A005BF32B /* FirebaseAnalyticsOnDeviceConversion */; };
		7A1932BD2B91128A005BF32B /* FirebaseAnalyticsSwift in Frameworks */ = {isa = PBXBuildFile; productRef = 7A1932BC2B91128A005BF32B /* FirebaseAnalyticsSwift */; };
		7A1932BF2B91128A005BF32B /* FirebaseAnalyticsWithoutAdIdSupport in Frameworks */ = {isa = PBXBuildFile; productRef = 7A1932BE2B91128A005BF32B /* FirebaseAnalyticsWithoutAdIdSupport */; };
		7A1932C12B91128A005BF32B /* FirebaseAppCheck in Frameworks */ = {isa = PBXBuildFile; productRef = 7A1932C02B91128A005BF32B /* FirebaseAppCheck */; };
		7A35CDC72B940071006E4E6D /* FirebaseAnalytics in Frameworks */ = {isa = PBXBuildFile; productRef = 7A35CDC62B940071006E4E6D /* FirebaseAnalytics */; };
		7A35CDC92B940071006E4E6D /* FirebaseAnalyticsOnDeviceConversion in Frameworks */ = {isa = PBXBuildFile; productRef = 7A35CDC82B940071006E4E6D /* FirebaseAnalyticsOnDeviceConversion */; };
		7A35CDCB2B940071006E4E6D /* FirebaseAnalyticsSwift in Frameworks */ = {isa = PBXBuildFile; productRef = 7A35CDCA2B940071006E4E6D /* FirebaseAnalyticsSwift */; };
		7A35CDCD2B940071006E4E6D /* FirebaseAnalyticsWithoutAdIdSupport in Frameworks */ = {isa = PBXBuildFile; productRef = 7A35CDCC2B940071006E4E6D /* FirebaseAnalyticsWithoutAdIdSupport */; };
		7A35CDCF2B940071006E4E6D /* FirebaseAppCheck in Frameworks */ = {isa = PBXBuildFile; productRef = 7A35CDCE2B940071006E4E6D /* FirebaseAppCheck */; };
		7A35CDD12B940071006E4E6D /* FirebaseAppDistribution-Beta in Frameworks */ = {isa = PBXBuildFile; productRef = 7A35CDD02B940071006E4E6D /* FirebaseAppDistribution-Beta */; };
		7A35CDD32B940071006E4E6D /* FirebaseAuth in Frameworks */ = {isa = PBXBuildFile; productRef = 7A35CDD22B940071006E4E6D /* FirebaseAuth */; };
		7A35CDD52B940071006E4E6D /* FirebaseAuthCombine-Community in Frameworks */ = {isa = PBXBuildFile; productRef = 7A35CDD42B940071006E4E6D /* FirebaseAuthCombine-Community */; };
		7A35CDD72B940071006E4E6D /* FirebaseCrashlytics in Frameworks */ = {isa = PBXBuildFile; productRef = 7A35CDD62B940071006E4E6D /* FirebaseCrashlytics */; };
		7A35CDD92B940071006E4E6D /* FirebaseDatabase in Frameworks */ = {isa = PBXBuildFile; productRef = 7A35CDD82B940071006E4E6D /* FirebaseDatabase */; };
		7A35CDDB2B940071006E4E6D /* FirebaseDatabaseSwift in Frameworks */ = {isa = PBXBuildFile; productRef = 7A35CDDA2B940071006E4E6D /* FirebaseDatabaseSwift */; };
		7A35CDDD2B940071006E4E6D /* FirebaseDynamicLinks in Frameworks */ = {isa = PBXBuildFile; productRef = 7A35CDDC2B940071006E4E6D /* FirebaseDynamicLinks */; };
		7A35CDDF2B940071006E4E6D /* FirebaseFirestore in Frameworks */ = {isa = PBXBuildFile; productRef = 7A35CDDE2B940071006E4E6D /* FirebaseFirestore */; };
		7A35CDE12B940071006E4E6D /* FirebaseFirestoreCombine-Community in Frameworks */ = {isa = PBXBuildFile; productRef = 7A35CDE02B940071006E4E6D /* FirebaseFirestoreCombine-Community */; };
		7A35CDE32B940071006E4E6D /* FirebaseFirestoreSwift in Frameworks */ = {isa = PBXBuildFile; productRef = 7A35CDE22B940071006E4E6D /* FirebaseFirestoreSwift */; };
		7A35CDE52B940071006E4E6D /* FirebaseFunctions in Frameworks */ = {isa = PBXBuildFile; productRef = 7A35CDE42B940071006E4E6D /* FirebaseFunctions */; };
		7A35CDE72B940071006E4E6D /* FirebaseFunctionsCombine-Community in Frameworks */ = {isa = PBXBuildFile; productRef = 7A35CDE62B940071006E4E6D /* FirebaseFunctionsCombine-Community */; };
		7A35CDE92B940071006E4E6D /* FirebaseInAppMessaging-Beta in Frameworks */ = {isa = PBXBuildFile; productRef = 7A35CDE82B940071006E4E6D /* FirebaseInAppMessaging-Beta */; };
		7A35CDEB2B940071006E4E6D /* FirebaseInAppMessagingSwift-Beta in Frameworks */ = {isa = PBXBuildFile; productRef = 7A35CDEA2B940071006E4E6D /* FirebaseInAppMessagingSwift-Beta */; };
		7A35CDED2B940071006E4E6D /* FirebaseInstallations in Frameworks */ = {isa = PBXBuildFile; productRef = 7A35CDEC2B940071006E4E6D /* FirebaseInstallations */; };
		7A35CDEF2B940071006E4E6D /* FirebaseMLModelDownloader in Frameworks */ = {isa = PBXBuildFile; productRef = 7A35CDEE2B940071006E4E6D /* FirebaseMLModelDownloader */; };
		7A35CDF12B940071006E4E6D /* FirebaseMessaging in Frameworks */ = {isa = PBXBuildFile; productRef = 7A35CDF02B940071006E4E6D /* FirebaseMessaging */; };
		7A35CDF32B940071006E4E6D /* FirebasePerformance in Frameworks */ = {isa = PBXBuildFile; productRef = 7A35CDF22B940071006E4E6D /* FirebasePerformance */; };
		7A35CDF52B940071006E4E6D /* FirebaseRemoteConfig in Frameworks */ = {isa = PBXBuildFile; productRef = 7A35CDF42B940071006E4E6D /* FirebaseRemoteConfig */; };
		7A35CDF72B940071006E4E6D /* FirebaseRemoteConfigSwift in Frameworks */ = {isa = PBXBuildFile; productRef = 7A35CDF62B940071006E4E6D /* FirebaseRemoteConfigSwift */; };
		7A35CDF92B940071006E4E6D /* FirebaseStorage in Frameworks */ = {isa = PBXBuildFile; productRef = 7A35CDF82B940071006E4E6D /* FirebaseStorage */; };
		7A35CDFB2B940071006E4E6D /* FirebaseStorageCombine-Community in Frameworks */ = {isa = PBXBuildFile; productRef = 7A35CDFA2B940071006E4E6D /* FirebaseStorageCombine-Community */; };
		7ABFA21A2BBD0A4200D5DC3F /* GoogleService-Info.plist in Resources */ = {isa = PBXBuildFile; fileRef = 7ABFA2192BBD0A4200D5DC3F /* GoogleService-Info.plist */; };
		7ABFA21C2BBD0A6100D5DC3F /* FirebaseAnalytics in Frameworks */ = {isa = PBXBuildFile; productRef = 7ABFA21B2BBD0A6100D5DC3F /* FirebaseAnalytics */; };
		7ABFA21E2BBD0A6100D5DC3F /* FirebaseAnalyticsOnDeviceConversion in Frameworks */ = {isa = PBXBuildFile; productRef = 7ABFA21D2BBD0A6100D5DC3F /* FirebaseAnalyticsOnDeviceConversion */; };
		7ABFA2202BBD0A6100D5DC3F /* FirebaseAnalyticsSwift in Frameworks */ = {isa = PBXBuildFile; productRef = 7ABFA21F2BBD0A6100D5DC3F /* FirebaseAnalyticsSwift */; };
		7ABFA2222BBD0A6100D5DC3F /* FirebaseAnalyticsWithoutAdIdSupport in Frameworks */ = {isa = PBXBuildFile; productRef = 7ABFA2212BBD0A6100D5DC3F /* FirebaseAnalyticsWithoutAdIdSupport */; };
		7ABFA2242BBD0A6100D5DC3F /* FirebaseAppCheck in Frameworks */ = {isa = PBXBuildFile; productRef = 7ABFA2232BBD0A6100D5DC3F /* FirebaseAppCheck */; };
		7ABFA2262BBD0A6100D5DC3F /* FirebaseAppDistribution-Beta in Frameworks */ = {isa = PBXBuildFile; productRef = 7ABFA2252BBD0A6100D5DC3F /* FirebaseAppDistribution-Beta */; };
		7ABFA2282BBD0A6100D5DC3F /* FirebaseAuth in Frameworks */ = {isa = PBXBuildFile; productRef = 7ABFA2272BBD0A6100D5DC3F /* FirebaseAuth */; };
		7ABFA22A2BBD0A6100D5DC3F /* FirebaseAuthCombine-Community in Frameworks */ = {isa = PBXBuildFile; productRef = 7ABFA2292BBD0A6100D5DC3F /* FirebaseAuthCombine-Community */; };
		7ABFA22C2BBD0A6100D5DC3F /* FirebaseCrashlytics in Frameworks */ = {isa = PBXBuildFile; productRef = 7ABFA22B2BBD0A6100D5DC3F /* FirebaseCrashlytics */; };
		7ABFA22E2BBD0A6100D5DC3F /* FirebaseDatabase in Frameworks */ = {isa = PBXBuildFile; productRef = 7ABFA22D2BBD0A6100D5DC3F /* FirebaseDatabase */; };
		7ABFA2302BBD0A6100D5DC3F /* FirebaseDatabaseSwift in Frameworks */ = {isa = PBXBuildFile; productRef = 7ABFA22F2BBD0A6100D5DC3F /* FirebaseDatabaseSwift */; };
		7ABFA2322BBD0A6100D5DC3F /* FirebaseDynamicLinks in Frameworks */ = {isa = PBXBuildFile; productRef = 7ABFA2312BBD0A6100D5DC3F /* FirebaseDynamicLinks */; };
		7ABFA2342BBD0A6100D5DC3F /* FirebaseFirestore in Frameworks */ = {isa = PBXBuildFile; productRef = 7ABFA2332BBD0A6100D5DC3F /* FirebaseFirestore */; };
		7ABFA2362BBD0A6100D5DC3F /* FirebaseFirestoreCombine-Community in Frameworks */ = {isa = PBXBuildFile; productRef = 7ABFA2352BBD0A6100D5DC3F /* FirebaseFirestoreCombine-Community */; };
		7ABFA2382BBD0A6100D5DC3F /* FirebaseFirestoreSwift in Frameworks */ = {isa = PBXBuildFile; productRef = 7ABFA2372BBD0A6100D5DC3F /* FirebaseFirestoreSwift */; };
		7ABFA23A2BBD0A6100D5DC3F /* FirebaseFunctions in Frameworks */ = {isa = PBXBuildFile; productRef = 7ABFA2392BBD0A6100D5DC3F /* FirebaseFunctions */; };
		7ABFA23C2BBD0A6100D5DC3F /* FirebaseFunctionsCombine-Community in Frameworks */ = {isa = PBXBuildFile; productRef = 7ABFA23B2BBD0A6100D5DC3F /* FirebaseFunctionsCombine-Community */; };
		7ABFA23E2BBD0A6100D5DC3F /* FirebaseInAppMessaging-Beta in Frameworks */ = {isa = PBXBuildFile; productRef = 7ABFA23D2BBD0A6100D5DC3F /* FirebaseInAppMessaging-Beta */; };
		7ABFA2402BBD0A6100D5DC3F /* FirebaseInAppMessagingSwift-Beta in Frameworks */ = {isa = PBXBuildFile; productRef = 7ABFA23F2BBD0A6100D5DC3F /* FirebaseInAppMessagingSwift-Beta */; };
		7ABFA2422BBD0A6100D5DC3F /* FirebaseInstallations in Frameworks */ = {isa = PBXBuildFile; productRef = 7ABFA2412BBD0A6100D5DC3F /* FirebaseInstallations */; };
		7ABFA2442BBD0A6100D5DC3F /* FirebaseMLModelDownloader in Frameworks */ = {isa = PBXBuildFile; productRef = 7ABFA2432BBD0A6100D5DC3F /* FirebaseMLModelDownloader */; };
		7ABFA2462BBD0A6100D5DC3F /* FirebaseMessaging in Frameworks */ = {isa = PBXBuildFile; productRef = 7ABFA2452BBD0A6100D5DC3F /* FirebaseMessaging */; };
		7ABFA2482BBD0A6100D5DC3F /* FirebasePerformance in Frameworks */ = {isa = PBXBuildFile; productRef = 7ABFA2472BBD0A6100D5DC3F /* FirebasePerformance */; };
		7ABFA24A2BBD0A6100D5DC3F /* FirebaseRemoteConfig in Frameworks */ = {isa = PBXBuildFile; productRef = 7ABFA2492BBD0A6100D5DC3F /* FirebaseRemoteConfig */; };
		7ABFA24C2BBD0A6100D5DC3F /* FirebaseRemoteConfigSwift in Frameworks */ = {isa = PBXBuildFile; productRef = 7ABFA24B2BBD0A6100D5DC3F /* FirebaseRemoteConfigSwift */; };
		7ABFA24E2BBD0A6100D5DC3F /* FirebaseStorage in Frameworks */ = {isa = PBXBuildFile; productRef = 7ABFA24D2BBD0A6100D5DC3F /* FirebaseStorage */; };
		7ABFA2502BBD0A6100D5DC3F /* FirebaseStorageCombine-Community in Frameworks */ = {isa = PBXBuildFile; productRef = 7ABFA24F2BBD0A6100D5DC3F /* FirebaseStorageCombine-Community */; };
		7ABFA2522BBD0A7D00D5DC3F /* FirebaseAnalytics in Frameworks */ = {isa = PBXBuildFile; productRef = 7ABFA2512BBD0A7D00D5DC3F /* FirebaseAnalytics */; };
		7ABFA2542BBD0A7D00D5DC3F /* FirebaseAnalyticsOnDeviceConversion in Frameworks */ = {isa = PBXBuildFile; productRef = 7ABFA2532BBD0A7D00D5DC3F /* FirebaseAnalyticsOnDeviceConversion */; };
		7ABFA2562BBD0A7D00D5DC3F /* FirebaseAnalyticsSwift in Frameworks */ = {isa = PBXBuildFile; productRef = 7ABFA2552BBD0A7D00D5DC3F /* FirebaseAnalyticsSwift */; };
		7ABFA2582BBD0A7D00D5DC3F /* FirebaseAnalyticsWithoutAdIdSupport in Frameworks */ = {isa = PBXBuildFile; productRef = 7ABFA2572BBD0A7D00D5DC3F /* FirebaseAnalyticsWithoutAdIdSupport */; };
		7ABFA25A2BBD0A7D00D5DC3F /* FirebaseAppCheck in Frameworks */ = {isa = PBXBuildFile; productRef = 7ABFA2592BBD0A7D00D5DC3F /* FirebaseAppCheck */; };
		7ABFA25C2BBD0BF200D5DC3F /* FirebaseAnalytics in Frameworks */ = {isa = PBXBuildFile; productRef = 7ABFA25B2BBD0BF200D5DC3F /* FirebaseAnalytics */; };
		7ABFA25E2BBD0BF200D5DC3F /* FirebaseAnalyticsOnDeviceConversion in Frameworks */ = {isa = PBXBuildFile; productRef = 7ABFA25D2BBD0BF200D5DC3F /* FirebaseAnalyticsOnDeviceConversion */; };
		7ABFA2602BBD0BF200D5DC3F /* FirebaseAnalyticsSwift in Frameworks */ = {isa = PBXBuildFile; productRef = 7ABFA25F2BBD0BF200D5DC3F /* FirebaseAnalyticsSwift */; };
		7ABFA2622BBD0BF200D5DC3F /* FirebaseAnalyticsWithoutAdIdSupport in Frameworks */ = {isa = PBXBuildFile; productRef = 7ABFA2612BBD0BF200D5DC3F /* FirebaseAnalyticsWithoutAdIdSupport */; };
		7ABFA2642BBD0BF200D5DC3F /* FirebaseAppCheck in Frameworks */ = {isa = PBXBuildFile; productRef = 7ABFA2632BBD0BF200D5DC3F /* FirebaseAppCheck */; };
		7AF859F42B93C00400722F3E /* AuthViewModel.swift in Sources */ = {isa = PBXBuildFile; fileRef = 7AF859F32B93C00400722F3E /* AuthViewModel.swift */; };
		7AF859F62B93CA7400722F3E /* FirebaseAnalytics in Frameworks */ = {isa = PBXBuildFile; productRef = 7AF859F52B93CA7400722F3E /* FirebaseAnalytics */; };
		7AF859F82B93CA7400722F3E /* FirebaseAnalyticsOnDeviceConversion in Frameworks */ = {isa = PBXBuildFile; productRef = 7AF859F72B93CA7400722F3E /* FirebaseAnalyticsOnDeviceConversion */; };
		7AF859FA2B93CA7400722F3E /* FirebaseAnalyticsSwift in Frameworks */ = {isa = PBXBuildFile; productRef = 7AF859F92B93CA7400722F3E /* FirebaseAnalyticsSwift */; };
		7AF859FC2B93CA7400722F3E /* FirebaseAnalyticsWithoutAdIdSupport in Frameworks */ = {isa = PBXBuildFile; productRef = 7AF859FB2B93CA7400722F3E /* FirebaseAnalyticsWithoutAdIdSupport */; };
		7AF859FE2B93CA7400722F3E /* FirebaseAppCheck in Frameworks */ = {isa = PBXBuildFile; productRef = 7AF859FD2B93CA7400722F3E /* FirebaseAppCheck */; };
		7AF85A002B93CA7400722F3E /* FirebaseAppDistribution-Beta in Frameworks */ = {isa = PBXBuildFile; productRef = 7AF859FF2B93CA7400722F3E /* FirebaseAppDistribution-Beta */; };
		7AF85A022B93CA7400722F3E /* FirebaseAuth in Frameworks */ = {isa = PBXBuildFile; productRef = 7AF85A012B93CA7400722F3E /* FirebaseAuth */; };
		7AF85A042B93CA7400722F3E /* FirebaseAuthCombine-Community in Frameworks */ = {isa = PBXBuildFile; productRef = 7AF85A032B93CA7400722F3E /* FirebaseAuthCombine-Community */; };
		7AF85A062B93CA7400722F3E /* FirebaseCrashlytics in Frameworks */ = {isa = PBXBuildFile; productRef = 7AF85A052B93CA7400722F3E /* FirebaseCrashlytics */; };
		7AF85A082B93CA7400722F3E /* FirebaseDatabase in Frameworks */ = {isa = PBXBuildFile; productRef = 7AF85A072B93CA7400722F3E /* FirebaseDatabase */; };
		7AF85A0A2B93CA7400722F3E /* FirebaseDatabaseSwift in Frameworks */ = {isa = PBXBuildFile; productRef = 7AF85A092B93CA7400722F3E /* FirebaseDatabaseSwift */; };
		7AF85A0C2B93CA7400722F3E /* FirebaseDynamicLinks in Frameworks */ = {isa = PBXBuildFile; productRef = 7AF85A0B2B93CA7400722F3E /* FirebaseDynamicLinks */; };
		7AF85A0E2B93CA7400722F3E /* FirebaseFirestore in Frameworks */ = {isa = PBXBuildFile; productRef = 7AF85A0D2B93CA7400722F3E /* FirebaseFirestore */; };
		7AF85A102B93CA7400722F3E /* FirebaseFirestoreCombine-Community in Frameworks */ = {isa = PBXBuildFile; productRef = 7AF85A0F2B93CA7400722F3E /* FirebaseFirestoreCombine-Community */; };
		7AF85A122B93CA7400722F3E /* FirebaseFirestoreSwift in Frameworks */ = {isa = PBXBuildFile; productRef = 7AF85A112B93CA7400722F3E /* FirebaseFirestoreSwift */; };
		7AF85A142B93CA7400722F3E /* FirebaseFunctions in Frameworks */ = {isa = PBXBuildFile; productRef = 7AF85A132B93CA7400722F3E /* FirebaseFunctions */; };
		7AF85A162B93CA7400722F3E /* FirebaseFunctionsCombine-Community in Frameworks */ = {isa = PBXBuildFile; productRef = 7AF85A152B93CA7400722F3E /* FirebaseFunctionsCombine-Community */; };
		7AF85A182B93CA7400722F3E /* FirebaseInAppMessaging-Beta in Frameworks */ = {isa = PBXBuildFile; productRef = 7AF85A172B93CA7400722F3E /* FirebaseInAppMessaging-Beta */; };
		7AF85A1A2B93CA7400722F3E /* FirebaseInAppMessagingSwift-Beta in Frameworks */ = {isa = PBXBuildFile; productRef = 7AF85A192B93CA7400722F3E /* FirebaseInAppMessagingSwift-Beta */; };
		7AF85A1C2B93CA7400722F3E /* FirebaseInstallations in Frameworks */ = {isa = PBXBuildFile; productRef = 7AF85A1B2B93CA7400722F3E /* FirebaseInstallations */; };
		7AF85A1E2B93CA7400722F3E /* FirebaseMLModelDownloader in Frameworks */ = {isa = PBXBuildFile; productRef = 7AF85A1D2B93CA7400722F3E /* FirebaseMLModelDownloader */; };
		7AF85A202B93CA7400722F3E /* FirebaseMessaging in Frameworks */ = {isa = PBXBuildFile; productRef = 7AF85A1F2B93CA7400722F3E /* FirebaseMessaging */; };
		7AF85A222B93CA7400722F3E /* FirebasePerformance in Frameworks */ = {isa = PBXBuildFile; productRef = 7AF85A212B93CA7400722F3E /* FirebasePerformance */; };
		7AF85A242B93CA7400722F3E /* FirebaseRemoteConfig in Frameworks */ = {isa = PBXBuildFile; productRef = 7AF85A232B93CA7400722F3E /* FirebaseRemoteConfig */; };
		7AF85A262B93CA7400722F3E /* FirebaseRemoteConfigSwift in Frameworks */ = {isa = PBXBuildFile; productRef = 7AF85A252B93CA7400722F3E /* FirebaseRemoteConfigSwift */; };
		7AF85A282B93CA7400722F3E /* FirebaseStorage in Frameworks */ = {isa = PBXBuildFile; productRef = 7AF85A272B93CA7400722F3E /* FirebaseStorage */; };
		7AF85A2A2B93CA7400722F3E /* FirebaseStorageCombine-Community in Frameworks */ = {isa = PBXBuildFile; productRef = 7AF85A292B93CA7400722F3E /* FirebaseStorageCombine-Community */; };
/* End PBXBuildFile section */

/* Begin PBXFileReference section */
		7A073A0B2B8D11150004EC0B /* Location-Based-Coupons.app */ = {isa = PBXFileReference; explicitFileType = wrapper.application; includeInIndex = 0; path = "Location-Based-Coupons.app"; sourceTree = BUILT_PRODUCTS_DIR; };
		7A073A0E2B8D11150004EC0B /* Location_Based_CouponsApp.swift */ = {isa = PBXFileReference; lastKnownFileType = sourcecode.swift; path = Location_Based_CouponsApp.swift; sourceTree = "<group>"; };
		7A073A102B8D11150004EC0B /* ContentView.swift */ = {isa = PBXFileReference; lastKnownFileType = sourcecode.swift; path = ContentView.swift; sourceTree = "<group>"; };
		7A073A122B8D111A0004EC0B /* Assets.xcassets */ = {isa = PBXFileReference; lastKnownFileType = folder.assetcatalog; path = Assets.xcassets; sourceTree = "<group>"; };
		7A073A152B8D111A0004EC0B /* Preview Assets.xcassets */ = {isa = PBXFileReference; lastKnownFileType = folder.assetcatalog; path = "Preview Assets.xcassets"; sourceTree = "<group>"; };
		7A1932A72B8E78B1005BF32B /* LoginView.swift */ = {isa = PBXFileReference; lastKnownFileType = sourcecode.swift; path = LoginView.swift; sourceTree = "<group>"; };
		7A1932A92B8E79A2005BF32B /* InputView.swift */ = {isa = PBXFileReference; lastKnownFileType = sourcecode.swift; path = InputView.swift; sourceTree = "<group>"; };
		7A1932AB2B8E7CCC005BF32B /* SignInButton.swift */ = {isa = PBXFileReference; lastKnownFileType = sourcecode.swift; path = SignInButton.swift; sourceTree = "<group>"; };
		7A1932AD2B8E7FCA005BF32B /* RegistrationView.swift */ = {isa = PBXFileReference; lastKnownFileType = sourcecode.swift; path = RegistrationView.swift; sourceTree = "<group>"; };
		7A1932AF2B8FA623005BF32B /* ProfileView.swift */ = {isa = PBXFileReference; lastKnownFileType = sourcecode.swift; path = ProfileView.swift; sourceTree = "<group>"; };
		7A1932B12B8FA826005BF32B /* SettingsRowView.swift */ = {isa = PBXFileReference; lastKnownFileType = sourcecode.swift; path = SettingsRowView.swift; sourceTree = "<group>"; };
		7A1932B32B8FAA69005BF32B /* User.swift */ = {isa = PBXFileReference; lastKnownFileType = sourcecode.swift; path = User.swift; sourceTree = "<group>"; };
		7ABFA2192BBD0A4200D5DC3F /* GoogleService-Info.plist */ = {isa = PBXFileReference; lastKnownFileType = text.plist; path = "GoogleService-Info.plist"; sourceTree = SOURCE_ROOT; };
		7AF859F32B93C00400722F3E /* AuthViewModel.swift */ = {isa = PBXFileReference; lastKnownFileType = sourcecode.swift; path = AuthViewModel.swift; sourceTree = "<group>"; };
/* End PBXFileReference section */

/* Begin PBXFrameworksBuildPhase section */
		7A073A082B8D11150004EC0B /* Frameworks */ = {
			isa = PBXFrameworksBuildPhase;
			buildActionMask = 2147483647;
			files = (
				7ABFA2462BBD0A6100D5DC3F /* FirebaseMessaging in Frameworks */,
				7ABFA2302BBD0A6100D5DC3F /* FirebaseDatabaseSwift in Frameworks */,
				7A35CDF12B940071006E4E6D /* FirebaseMessaging in Frameworks */,
				7AF85A202B93CA7400722F3E /* FirebaseMessaging in Frameworks */,
				7A35CDEB2B940071006E4E6D /* FirebaseInAppMessagingSwift-Beta in Frameworks */,
				7ABFA2422BBD0A6100D5DC3F /* FirebaseInstallations in Frameworks */,
				7A35CDC92B940071006E4E6D /* FirebaseAnalyticsOnDeviceConversion in Frameworks */,
				7ABFA2342BBD0A6100D5DC3F /* FirebaseFirestore in Frameworks */,
				7AF85A102B93CA7400722F3E /* FirebaseFirestoreCombine-Community in Frameworks */,
				7ABFA22A2BBD0A6100D5DC3F /* FirebaseAuthCombine-Community in Frameworks */,
				7ABFA2322BBD0A6100D5DC3F /* FirebaseDynamicLinks in Frameworks */,
				7AF85A082B93CA7400722F3E /* FirebaseDatabase in Frameworks */,
				7ABFA2202BBD0A6100D5DC3F /* FirebaseAnalyticsSwift in Frameworks */,
				7ABFA23C2BBD0A6100D5DC3F /* FirebaseFunctionsCombine-Community in Frameworks */,
				7ABFA2382BBD0A6100D5DC3F /* FirebaseFirestoreSwift in Frameworks */,
				7ABFA2282BBD0A6100D5DC3F /* FirebaseAuth in Frameworks */,
				7ABFA2642BBD0BF200D5DC3F /* FirebaseAppCheck in Frameworks */,
				7A35CDCF2B940071006E4E6D /* FirebaseAppCheck in Frameworks */,
				7A35CDCB2B940071006E4E6D /* FirebaseAnalyticsSwift in Frameworks */,
				7ABFA2502BBD0A6100D5DC3F /* FirebaseStorageCombine-Community in Frameworks */,
				7ABFA2482BBD0A6100D5DC3F /* FirebasePerformance in Frameworks */,
				7A1932BD2B91128A005BF32B /* FirebaseAnalyticsSwift in Frameworks */,
				7AF85A282B93CA7400722F3E /* FirebaseStorage in Frameworks */,
				7ABFA22C2BBD0A6100D5DC3F /* FirebaseCrashlytics in Frameworks */,
				7A35CDCD2B940071006E4E6D /* FirebaseAnalyticsWithoutAdIdSupport in Frameworks */,
				7A35CDF92B940071006E4E6D /* FirebaseStorage in Frameworks */,
				7A35CDFB2B940071006E4E6D /* FirebaseStorageCombine-Community in Frameworks */,
				7A1932B92B91128A005BF32B /* FirebaseAnalytics in Frameworks */,
				7A35CDD32B940071006E4E6D /* FirebaseAuth in Frameworks */,
				7ABFA2362BBD0A6100D5DC3F /* FirebaseFirestoreCombine-Community in Frameworks */,
				7AF859F62B93CA7400722F3E /* FirebaseAnalytics in Frameworks */,
				7A35CDD92B940071006E4E6D /* FirebaseDatabase in Frameworks */,
				7ABFA2622BBD0BF200D5DC3F /* FirebaseAnalyticsWithoutAdIdSupport in Frameworks */,
				7AF85A062B93CA7400722F3E /* FirebaseCrashlytics in Frameworks */,
				7A35CDED2B940071006E4E6D /* FirebaseInstallations in Frameworks */,
				7AF85A0E2B93CA7400722F3E /* FirebaseFirestore in Frameworks */,
				7ABFA2602BBD0BF200D5DC3F /* FirebaseAnalyticsSwift in Frameworks */,
				7ABFA25C2BBD0BF200D5DC3F /* FirebaseAnalytics in Frameworks */,
				7AF85A0C2B93CA7400722F3E /* FirebaseDynamicLinks in Frameworks */,
				7AF85A2A2B93CA7400722F3E /* FirebaseStorageCombine-Community in Frameworks */,
				7A35CDDB2B940071006E4E6D /* FirebaseDatabaseSwift in Frameworks */,
				7A35CDF72B940071006E4E6D /* FirebaseRemoteConfigSwift in Frameworks */,
				7ABFA2402BBD0A6100D5DC3F /* FirebaseInAppMessagingSwift-Beta in Frameworks */,
				7ABFA2222BBD0A6100D5DC3F /* FirebaseAnalyticsWithoutAdIdSupport in Frameworks */,
				7AF859F82B93CA7400722F3E /* FirebaseAnalyticsOnDeviceConversion in Frameworks */,
				7A35CDF32B940071006E4E6D /* FirebasePerformance in Frameworks */,
				7AF85A162B93CA7400722F3E /* FirebaseFunctionsCombine-Community in Frameworks */,
				7AF85A1A2B93CA7400722F3E /* FirebaseInAppMessagingSwift-Beta in Frameworks */,
				7AF85A1E2B93CA7400722F3E /* FirebaseMLModelDownloader in Frameworks */,
				7AF85A182B93CA7400722F3E /* FirebaseInAppMessaging-Beta in Frameworks */,
				7ABFA24C2BBD0A6100D5DC3F /* FirebaseRemoteConfigSwift in Frameworks */,
				7A35CDDF2B940071006E4E6D /* FirebaseFirestore in Frameworks */,
				7ABFA22E2BBD0A6100D5DC3F /* FirebaseDatabase in Frameworks */,
				7ABFA23A2BBD0A6100D5DC3F /* FirebaseFunctions in Frameworks */,
				7A35CDDD2B940071006E4E6D /* FirebaseDynamicLinks in Frameworks */,
				7ABFA24A2BBD0A6100D5DC3F /* FirebaseRemoteConfig in Frameworks */,
				7A35CDE32B940071006E4E6D /* FirebaseFirestoreSwift in Frameworks */,
				7ABFA25A2BBD0A7D00D5DC3F /* FirebaseAppCheck in Frameworks */,
				7AF85A222B93CA7400722F3E /* FirebasePerformance in Frameworks */,
				7A35CDF52B940071006E4E6D /* FirebaseRemoteConfig in Frameworks */,
				7A35CDE52B940071006E4E6D /* FirebaseFunctions in Frameworks */,
				7ABFA2522BBD0A7D00D5DC3F /* FirebaseAnalytics in Frameworks */,
				7A35CDE72B940071006E4E6D /* FirebaseFunctionsCombine-Community in Frameworks */,
				7ABFA23E2BBD0A6100D5DC3F /* FirebaseInAppMessaging-Beta in Frameworks */,
				7A35CDE92B940071006E4E6D /* FirebaseInAppMessaging-Beta in Frameworks */,
				7ABFA21C2BBD0A6100D5DC3F /* FirebaseAnalytics in Frameworks */,
				7ABFA2582BBD0A7D00D5DC3F /* FirebaseAnalyticsWithoutAdIdSupport in Frameworks */,
				7A35CDC72B940071006E4E6D /* FirebaseAnalytics in Frameworks */,
				7ABFA2262BBD0A6100D5DC3F /* FirebaseAppDistribution-Beta in Frameworks */,
				7AF85A042B93CA7400722F3E /* FirebaseAuthCombine-Community in Frameworks */,
				7ABFA25E2BBD0BF200D5DC3F /* FirebaseAnalyticsOnDeviceConversion in Frameworks */,
				7AF859FA2B93CA7400722F3E /* FirebaseAnalyticsSwift in Frameworks */,
				7ABFA24E2BBD0A6100D5DC3F /* FirebaseStorage in Frameworks */,
				7AF85A0A2B93CA7400722F3E /* FirebaseDatabaseSwift in Frameworks */,
				7A1932BB2B91128A005BF32B /* FirebaseAnalyticsOnDeviceConversion in Frameworks */,
				7AF85A242B93CA7400722F3E /* FirebaseRemoteConfig in Frameworks */,
				7A1932C12B91128A005BF32B /* FirebaseAppCheck in Frameworks */,
				7ABFA2242BBD0A6100D5DC3F /* FirebaseAppCheck in Frameworks */,
				7AF85A022B93CA7400722F3E /* FirebaseAuth in Frameworks */,
				7AF85A142B93CA7400722F3E /* FirebaseFunctions in Frameworks */,
				7A35CDD72B940071006E4E6D /* FirebaseCrashlytics in Frameworks */,
				7ABFA2442BBD0A6100D5DC3F /* FirebaseMLModelDownloader in Frameworks */,
				7ABFA2562BBD0A7D00D5DC3F /* FirebaseAnalyticsSwift in Frameworks */,
				7AF85A1C2B93CA7400722F3E /* FirebaseInstallations in Frameworks */,
				7A35CDE12B940071006E4E6D /* FirebaseFirestoreCombine-Community in Frameworks */,
				7A35CDD12B940071006E4E6D /* FirebaseAppDistribution-Beta in Frameworks */,
				7AF85A122B93CA7400722F3E /* FirebaseFirestoreSwift in Frameworks */,
				7ABFA2542BBD0A7D00D5DC3F /* FirebaseAnalyticsOnDeviceConversion in Frameworks */,
				7A35CDEF2B940071006E4E6D /* FirebaseMLModelDownloader in Frameworks */,
				7AF859FC2B93CA7400722F3E /* FirebaseAnalyticsWithoutAdIdSupport in Frameworks */,
				7ABFA21E2BBD0A6100D5DC3F /* FirebaseAnalyticsOnDeviceConversion in Frameworks */,
				7AF859FE2B93CA7400722F3E /* FirebaseAppCheck in Frameworks */,
				7AF85A262B93CA7400722F3E /* FirebaseRemoteConfigSwift in Frameworks */,
				7AF85A002B93CA7400722F3E /* FirebaseAppDistribution-Beta in Frameworks */,
				7A1932BF2B91128A005BF32B /* FirebaseAnalyticsWithoutAdIdSupport in Frameworks */,
				7A35CDD52B940071006E4E6D /* FirebaseAuthCombine-Community in Frameworks */,
			);
			runOnlyForDeploymentPostprocessing = 0;
		};
/* End PBXFrameworksBuildPhase section */

/* Begin PBXGroup section */
		7A073A022B8D11150004EC0B = {
			isa = PBXGroup;
			children = (
				7A073A0D2B8D11150004EC0B /* Location-Based-Coupons */,
				7A073A0C2B8D11150004EC0B /* Products */,
			);
			sourceTree = "<group>";
		};
		7A073A0C2B8D11150004EC0B /* Products */ = {
			isa = PBXGroup;
			children = (
				7A073A0B2B8D11150004EC0B /* Location-Based-Coupons.app */,
			);
			name = Products;
			sourceTree = "<group>";
		};
		7A073A0D2B8D11150004EC0B /* Location-Based-Coupons */ = {
			isa = PBXGroup;
			children = (
				7A1932A02B8E782B005BF32B /* App */,
				7A1932A12B8E782F005BF32B /* Components */,
				7A1932A22B8E7837005BF32B /* Core */,
				7A1932A32B8E7846005BF32B /* Model */,
				7A073A122B8D111A0004EC0B /* Assets.xcassets */,
				7ABFA2192BBD0A4200D5DC3F /* GoogleService-Info.plist */,
				7A073A142B8D111A0004EC0B /* Preview Content */,
			);
			path = "Location-Based-Coupons";
			sourceTree = "<group>";
		};
		7A073A142B8D111A0004EC0B /* Preview Content */ = {
			isa = PBXGroup;
			children = (
				7A073A152B8D111A0004EC0B /* Preview Assets.xcassets */,
			);
			path = "Preview Content";
			sourceTree = "<group>";
		};
		7A1932A02B8E782B005BF32B /* App */ = {
			isa = PBXGroup;
			children = (
				7A073A0E2B8D11150004EC0B /* Location_Based_CouponsApp.swift */,
			);
			path = App;
			sourceTree = "<group>";
		};
		7A1932A12B8E782F005BF32B /* Components */ = {
			isa = PBXGroup;
			children = (
				7A1932A92B8E79A2005BF32B /* InputView.swift */,
				7A1932AB2B8E7CCC005BF32B /* SignInButton.swift */,
				7A1932B12B8FA826005BF32B /* SettingsRowView.swift */,
			);
			path = Components;
			sourceTree = "<group>";
		};
		7A1932A22B8E7837005BF32B /* Core */ = {
			isa = PBXGroup;
			children = (
				7A1932A42B8E787B005BF32B /* Authentication */,
				7A1932A62B8E788C005BF32B /* Root */,
				7A1932A52B8E7885005BF32B /* Profile */,
			);
			path = Core;
			sourceTree = "<group>";
		};
		7A1932A32B8E7846005BF32B /* Model */ = {
			isa = PBXGroup;
			children = (
				7A1932B32B8FAA69005BF32B /* User.swift */,
			);
			path = Model;
			sourceTree = "<group>";
		};
		7A1932A42B8E787B005BF32B /* Authentication */ = {
			isa = PBXGroup;
			children = (
				7AF859F22B93BFC500722F3E /* ViewModel */,
				7AF859F12B93BFBF00722F3E /* View */,
			);
			path = Authentication;
			sourceTree = "<group>";
		};
		7A1932A52B8E7885005BF32B /* Profile */ = {
			isa = PBXGroup;
			children = (
				7A1932AF2B8FA623005BF32B /* ProfileView.swift */,
			);
			path = Profile;
			sourceTree = "<group>";
		};
		7A1932A62B8E788C005BF32B /* Root */ = {
			isa = PBXGroup;
			children = (
				7A073A102B8D11150004EC0B /* ContentView.swift */,
			);
			path = Root;
			sourceTree = "<group>";
		};
		7AF859F12B93BFBF00722F3E /* View */ = {
			isa = PBXGroup;
			children = (
				7A1932A72B8E78B1005BF32B /* LoginView.swift */,
				7A1932AD2B8E7FCA005BF32B /* RegistrationView.swift */,
			);
			path = View;
			sourceTree = "<group>";
		};
		7AF859F22B93BFC500722F3E /* ViewModel */ = {
			isa = PBXGroup;
			children = (
				7AF859F32B93C00400722F3E /* AuthViewModel.swift */,
			);
			path = ViewModel;
			sourceTree = "<group>";
		};
/* End PBXGroup section */

/* Begin PBXNativeTarget section */
		7A073A0A2B8D11150004EC0B /* Location-Based-Coupons */ = {
			isa = PBXNativeTarget;
			buildConfigurationList = 7A073A192B8D111A0004EC0B /* Build configuration list for PBXNativeTarget "Location-Based-Coupons" */;
			buildPhases = (
				7A073A072B8D11150004EC0B /* Sources */,
				7A073A082B8D11150004EC0B /* Frameworks */,
				7A073A092B8D11150004EC0B /* Resources */,
			);
			buildRules = (
			);
			dependencies = (
			);
			name = "Location-Based-Coupons";
			packageProductDependencies = (
				7A1932B82B91128A005BF32B /* FirebaseAnalytics */,
				7A1932BA2B91128A005BF32B /* FirebaseAnalyticsOnDeviceConversion */,
				7A1932BC2B91128A005BF32B /* FirebaseAnalyticsSwift */,
				7A1932BE2B91128A005BF32B /* FirebaseAnalyticsWithoutAdIdSupport */,
				7A1932C02B91128A005BF32B /* FirebaseAppCheck */,
				7AF859F52B93CA7400722F3E /* FirebaseAnalytics */,
				7AF859F72B93CA7400722F3E /* FirebaseAnalyticsOnDeviceConversion */,
				7AF859F92B93CA7400722F3E /* FirebaseAnalyticsSwift */,
				7AF859FB2B93CA7400722F3E /* FirebaseAnalyticsWithoutAdIdSupport */,
				7AF859FD2B93CA7400722F3E /* FirebaseAppCheck */,
				7AF859FF2B93CA7400722F3E /* FirebaseAppDistribution-Beta */,
				7AF85A012B93CA7400722F3E /* FirebaseAuth */,
				7AF85A032B93CA7400722F3E /* FirebaseAuthCombine-Community */,
				7AF85A052B93CA7400722F3E /* FirebaseCrashlytics */,
				7AF85A072B93CA7400722F3E /* FirebaseDatabase */,
				7AF85A092B93CA7400722F3E /* FirebaseDatabaseSwift */,
				7AF85A0B2B93CA7400722F3E /* FirebaseDynamicLinks */,
				7AF85A0D2B93CA7400722F3E /* FirebaseFirestore */,
				7AF85A0F2B93CA7400722F3E /* FirebaseFirestoreCombine-Community */,
				7AF85A112B93CA7400722F3E /* FirebaseFirestoreSwift */,
				7AF85A132B93CA7400722F3E /* FirebaseFunctions */,
				7AF85A152B93CA7400722F3E /* FirebaseFunctionsCombine-Community */,
				7AF85A172B93CA7400722F3E /* FirebaseInAppMessaging-Beta */,
				7AF85A192B93CA7400722F3E /* FirebaseInAppMessagingSwift-Beta */,
				7AF85A1B2B93CA7400722F3E /* FirebaseInstallations */,
				7AF85A1D2B93CA7400722F3E /* FirebaseMLModelDownloader */,
				7AF85A1F2B93CA7400722F3E /* FirebaseMessaging */,
				7AF85A212B93CA7400722F3E /* FirebasePerformance */,
				7AF85A232B93CA7400722F3E /* FirebaseRemoteConfig */,
				7AF85A252B93CA7400722F3E /* FirebaseRemoteConfigSwift */,
				7AF85A272B93CA7400722F3E /* FirebaseStorage */,
				7AF85A292B93CA7400722F3E /* FirebaseStorageCombine-Community */,
				7A35CDC62B940071006E4E6D /* FirebaseAnalytics */,
				7A35CDC82B940071006E4E6D /* FirebaseAnalyticsOnDeviceConversion */,
				7A35CDCA2B940071006E4E6D /* FirebaseAnalyticsSwift */,
				7A35CDCC2B940071006E4E6D /* FirebaseAnalyticsWithoutAdIdSupport */,
				7A35CDCE2B940071006E4E6D /* FirebaseAppCheck */,
				7A35CDD02B940071006E4E6D /* FirebaseAppDistribution-Beta */,
				7A35CDD22B940071006E4E6D /* FirebaseAuth */,
				7A35CDD42B940071006E4E6D /* FirebaseAuthCombine-Community */,
				7A35CDD62B940071006E4E6D /* FirebaseCrashlytics */,
				7A35CDD82B940071006E4E6D /* FirebaseDatabase */,
				7A35CDDA2B940071006E4E6D /* FirebaseDatabaseSwift */,
				7A35CDDC2B940071006E4E6D /* FirebaseDynamicLinks */,
				7A35CDDE2B940071006E4E6D /* FirebaseFirestore */,
				7A35CDE02B940071006E4E6D /* FirebaseFirestoreCombine-Community */,
				7A35CDE22B940071006E4E6D /* FirebaseFirestoreSwift */,
				7A35CDE42B940071006E4E6D /* FirebaseFunctions */,
				7A35CDE62B940071006E4E6D /* FirebaseFunctionsCombine-Community */,
				7A35CDE82B940071006E4E6D /* FirebaseInAppMessaging-Beta */,
				7A35CDEA2B940071006E4E6D /* FirebaseInAppMessagingSwift-Beta */,
				7A35CDEC2B940071006E4E6D /* FirebaseInstallations */,
				7A35CDEE2B940071006E4E6D /* FirebaseMLModelDownloader */,
				7A35CDF02B940071006E4E6D /* FirebaseMessaging */,
				7A35CDF22B940071006E4E6D /* FirebasePerformance */,
				7A35CDF42B940071006E4E6D /* FirebaseRemoteConfig */,
				7A35CDF62B940071006E4E6D /* FirebaseRemoteConfigSwift */,
				7A35CDF82B940071006E4E6D /* FirebaseStorage */,
				7A35CDFA2B940071006E4E6D /* FirebaseStorageCombine-Community */,
				7ABFA21B2BBD0A6100D5DC3F /* FirebaseAnalytics */,
				7ABFA21D2BBD0A6100D5DC3F /* FirebaseAnalyticsOnDeviceConversion */,
				7ABFA21F2BBD0A6100D5DC3F /* FirebaseAnalyticsSwift */,
				7ABFA2212BBD0A6100D5DC3F /* FirebaseAnalyticsWithoutAdIdSupport */,
				7ABFA2232BBD0A6100D5DC3F /* FirebaseAppCheck */,
				7ABFA2252BBD0A6100D5DC3F /* FirebaseAppDistribution-Beta */,
				7ABFA2272BBD0A6100D5DC3F /* FirebaseAuth */,
				7ABFA2292BBD0A6100D5DC3F /* FirebaseAuthCombine-Community */,
				7ABFA22B2BBD0A6100D5DC3F /* FirebaseCrashlytics */,
				7ABFA22D2BBD0A6100D5DC3F /* FirebaseDatabase */,
				7ABFA22F2BBD0A6100D5DC3F /* FirebaseDatabaseSwift */,
				7ABFA2312BBD0A6100D5DC3F /* FirebaseDynamicLinks */,
				7ABFA2332BBD0A6100D5DC3F /* FirebaseFirestore */,
				7ABFA2352BBD0A6100D5DC3F /* FirebaseFirestoreCombine-Community */,
				7ABFA2372BBD0A6100D5DC3F /* FirebaseFirestoreSwift */,
				7ABFA2392BBD0A6100D5DC3F /* FirebaseFunctions */,
				7ABFA23B2BBD0A6100D5DC3F /* FirebaseFunctionsCombine-Community */,
				7ABFA23D2BBD0A6100D5DC3F /* FirebaseInAppMessaging-Beta */,
				7ABFA23F2BBD0A6100D5DC3F /* FirebaseInAppMessagingSwift-Beta */,
				7ABFA2412BBD0A6100D5DC3F /* FirebaseInstallations */,
				7ABFA2432BBD0A6100D5DC3F /* FirebaseMLModelDownloader */,
				7ABFA2452BBD0A6100D5DC3F /* FirebaseMessaging */,
				7ABFA2472BBD0A6100D5DC3F /* FirebasePerformance */,
				7ABFA2492BBD0A6100D5DC3F /* FirebaseRemoteConfig */,
				7ABFA24B2BBD0A6100D5DC3F /* FirebaseRemoteConfigSwift */,
				7ABFA24D2BBD0A6100D5DC3F /* FirebaseStorage */,
				7ABFA24F2BBD0A6100D5DC3F /* FirebaseStorageCombine-Community */,
				7ABFA2512BBD0A7D00D5DC3F /* FirebaseAnalytics */,
				7ABFA2532BBD0A7D00D5DC3F /* FirebaseAnalyticsOnDeviceConversion */,
				7ABFA2552BBD0A7D00D5DC3F /* FirebaseAnalyticsSwift */,
				7ABFA2572BBD0A7D00D5DC3F /* FirebaseAnalyticsWithoutAdIdSupport */,
				7ABFA2592BBD0A7D00D5DC3F /* FirebaseAppCheck */,
				7ABFA25B2BBD0BF200D5DC3F /* FirebaseAnalytics */,
				7ABFA25D2BBD0BF200D5DC3F /* FirebaseAnalyticsOnDeviceConversion */,
				7ABFA25F2BBD0BF200D5DC3F /* FirebaseAnalyticsSwift */,
				7ABFA2612BBD0BF200D5DC3F /* FirebaseAnalyticsWithoutAdIdSupport */,
				7ABFA2632BBD0BF200D5DC3F /* FirebaseAppCheck */,
			);
			productName = "Location-Based-Coupons";
			productReference = 7A073A0B2B8D11150004EC0B /* Location-Based-Coupons.app */;
			productType = "com.apple.product-type.application";
		};
/* End PBXNativeTarget section */

/* Begin PBXProject section */
		7A073A032B8D11150004EC0B /* Project object */ = {
			isa = PBXProject;
			attributes = {
				BuildIndependentTargetsInParallel = 1;
				LastSwiftUpdateCheck = 1520;
				LastUpgradeCheck = 1520;
				TargetAttributes = {
					7A073A0A2B8D11150004EC0B = {
						CreatedOnToolsVersion = 15.2;
					};
				};
			};
			buildConfigurationList = 7A073A062B8D11150004EC0B /* Build configuration list for PBXProject "Location-Based-Coupons" */;
			compatibilityVersion = "Xcode 14.0";
			developmentRegion = en;
			hasScannedForEncodings = 0;
			knownRegions = (
				en,
				Base,
			);
			mainGroup = 7A073A022B8D11150004EC0B;
			packageReferences = (
				7A1932B72B91128A005BF32B /* XCRemoteSwiftPackageReference "firebase-ios-sdk" */,
			);
			productRefGroup = 7A073A0C2B8D11150004EC0B /* Products */;
			projectDirPath = "";
			projectRoot = "";
			targets = (
				7A073A0A2B8D11150004EC0B /* Location-Based-Coupons */,
			);
		};
/* End PBXProject section */

/* Begin PBXResourcesBuildPhase section */
		7A073A092B8D11150004EC0B /* Resources */ = {
			isa = PBXResourcesBuildPhase;
			buildActionMask = 2147483647;
			files = (
				7A073A162B8D111A0004EC0B /* Preview Assets.xcassets in Resources */,
				7A073A132B8D111A0004EC0B /* Assets.xcassets in Resources */,
				7ABFA21A2BBD0A4200D5DC3F /* GoogleService-Info.plist in Resources */,
			);
			runOnlyForDeploymentPostprocessing = 0;
		};
/* End PBXResourcesBuildPhase section */

/* Begin PBXSourcesBuildPhase section */
		7A073A072B8D11150004EC0B /* Sources */ = {
			isa = PBXSourcesBuildPhase;
			buildActionMask = 2147483647;
			files = (
				7AF859F42B93C00400722F3E /* AuthViewModel.swift in Sources */,
				7A1932AC2B8E7CCC005BF32B /* SignInButton.swift in Sources */,
				7A1932A82B8E78B1005BF32B /* LoginView.swift in Sources */,
				7A1932AA2B8E79A2005BF32B /* InputView.swift in Sources */,
				7A1932B22B8FA826005BF32B /* SettingsRowView.swift in Sources */,
				7A1932AE2B8E7FCA005BF32B /* RegistrationView.swift in Sources */,
				7A1932B42B8FAA69005BF32B /* User.swift in Sources */,
				7A073A112B8D11150004EC0B /* ContentView.swift in Sources */,
				7A1932B02B8FA623005BF32B /* ProfileView.swift in Sources */,
				7A073A0F2B8D11150004EC0B /* Location_Based_CouponsApp.swift in Sources */,
			);
			runOnlyForDeploymentPostprocessing = 0;
		};
/* End PBXSourcesBuildPhase section */

/* Begin XCBuildConfiguration section */
		7A073A172B8D111A0004EC0B /* Debug */ = {
			isa = XCBuildConfiguration;
			buildSettings = {
				ALWAYS_SEARCH_USER_PATHS = NO;
				ASSETCATALOG_COMPILER_GENERATE_SWIFT_ASSET_SYMBOL_EXTENSIONS = YES;
				CLANG_ANALYZER_NONNULL = YES;
				CLANG_ANALYZER_NUMBER_OBJECT_CONVERSION = YES_AGGRESSIVE;
				CLANG_CXX_LANGUAGE_STANDARD = "gnu++20";
				CLANG_ENABLE_MODULES = YES;
				CLANG_ENABLE_OBJC_ARC = YES;
				CLANG_ENABLE_OBJC_WEAK = YES;
				CLANG_WARN_BLOCK_CAPTURE_AUTORELEASING = YES;
				CLANG_WARN_BOOL_CONVERSION = YES;
				CLANG_WARN_COMMA = YES;
				CLANG_WARN_CONSTANT_CONVERSION = YES;
				CLANG_WARN_DEPRECATED_OBJC_IMPLEMENTATIONS = YES;
				CLANG_WARN_DIRECT_OBJC_ISA_USAGE = YES_ERROR;
				CLANG_WARN_DOCUMENTATION_COMMENTS = YES;
				CLANG_WARN_EMPTY_BODY = YES;
				CLANG_WARN_ENUM_CONVERSION = YES;
				CLANG_WARN_INFINITE_RECURSION = YES;
				CLANG_WARN_INT_CONVERSION = YES;
				CLANG_WARN_NON_LITERAL_NULL_CONVERSION = YES;
				CLANG_WARN_OBJC_IMPLICIT_RETAIN_SELF = YES;
				CLANG_WARN_OBJC_LITERAL_CONVERSION = YES;
				CLANG_WARN_OBJC_ROOT_CLASS = YES_ERROR;
				CLANG_WARN_QUOTED_INCLUDE_IN_FRAMEWORK_HEADER = YES;
				CLANG_WARN_RANGE_LOOP_ANALYSIS = YES;
				CLANG_WARN_STRICT_PROTOTYPES = YES;
				CLANG_WARN_SUSPICIOUS_MOVE = YES;
				CLANG_WARN_UNGUARDED_AVAILABILITY = YES_AGGRESSIVE;
				CLANG_WARN_UNREACHABLE_CODE = YES;
				CLANG_WARN__DUPLICATE_METHOD_MATCH = YES;
				COPY_PHASE_STRIP = NO;
				DEBUG_INFORMATION_FORMAT = dwarf;
				ENABLE_STRICT_OBJC_MSGSEND = YES;
				ENABLE_TESTABILITY = YES;
				ENABLE_USER_SCRIPT_SANDBOXING = YES;
				GCC_C_LANGUAGE_STANDARD = gnu17;
				GCC_DYNAMIC_NO_PIC = NO;
				GCC_NO_COMMON_BLOCKS = YES;
				GCC_OPTIMIZATION_LEVEL = 0;
				GCC_PREPROCESSOR_DEFINITIONS = (
					"DEBUG=1",
					"$(inherited)",
				);
				GCC_WARN_64_TO_32_BIT_CONVERSION = YES;
				GCC_WARN_ABOUT_RETURN_TYPE = YES_ERROR;
				GCC_WARN_UNDECLARED_SELECTOR = YES;
				GCC_WARN_UNINITIALIZED_AUTOS = YES_AGGRESSIVE;
				GCC_WARN_UNUSED_FUNCTION = YES;
				GCC_WARN_UNUSED_VARIABLE = YES;
				IPHONEOS_DEPLOYMENT_TARGET = 17.2;
				LOCALIZATION_PREFERS_STRING_CATALOGS = YES;
				MTL_ENABLE_DEBUG_INFO = INCLUDE_SOURCE;
				MTL_FAST_MATH = YES;
				ONLY_ACTIVE_ARCH = YES;
				SDKROOT = iphoneos;
				SWIFT_ACTIVE_COMPILATION_CONDITIONS = "DEBUG $(inherited)";
				SWIFT_OPTIMIZATION_LEVEL = "-Onone";
			};
			name = Debug;
		};
		7A073A182B8D111A0004EC0B /* Release */ = {
			isa = XCBuildConfiguration;
			buildSettings = {
				ALWAYS_SEARCH_USER_PATHS = NO;
				ASSETCATALOG_COMPILER_GENERATE_SWIFT_ASSET_SYMBOL_EXTENSIONS = YES;
				CLANG_ANALYZER_NONNULL = YES;
				CLANG_ANALYZER_NUMBER_OBJECT_CONVERSION = YES_AGGRESSIVE;
				CLANG_CXX_LANGUAGE_STANDARD = "gnu++20";
				CLANG_ENABLE_MODULES = YES;
				CLANG_ENABLE_OBJC_ARC = YES;
				CLANG_ENABLE_OBJC_WEAK = YES;
				CLANG_WARN_BLOCK_CAPTURE_AUTORELEASING = YES;
				CLANG_WARN_BOOL_CONVERSION = YES;
				CLANG_WARN_COMMA = YES;
				CLANG_WARN_CONSTANT_CONVERSION = YES;
				CLANG_WARN_DEPRECATED_OBJC_IMPLEMENTATIONS = YES;
				CLANG_WARN_DIRECT_OBJC_ISA_USAGE = YES_ERROR;
				CLANG_WARN_DOCUMENTATION_COMMENTS = YES;
				CLANG_WARN_EMPTY_BODY = YES;
				CLANG_WARN_ENUM_CONVERSION = YES;
				CLANG_WARN_INFINITE_RECURSION = YES;
				CLANG_WARN_INT_CONVERSION = YES;
				CLANG_WARN_NON_LITERAL_NULL_CONVERSION = YES;
				CLANG_WARN_OBJC_IMPLICIT_RETAIN_SELF = YES;
				CLANG_WARN_OBJC_LITERAL_CONVERSION = YES;
				CLANG_WARN_OBJC_ROOT_CLASS = YES_ERROR;
				CLANG_WARN_QUOTED_INCLUDE_IN_FRAMEWORK_HEADER = YES;
				CLANG_WARN_RANGE_LOOP_ANALYSIS = YES;
				CLANG_WARN_STRICT_PROTOTYPES = YES;
				CLANG_WARN_SUSPICIOUS_MOVE = YES;
				CLANG_WARN_UNGUARDED_AVAILABILITY = YES_AGGRESSIVE;
				CLANG_WARN_UNREACHABLE_CODE = YES;
				CLANG_WARN__DUPLICATE_METHOD_MATCH = YES;
				COPY_PHASE_STRIP = NO;
				DEBUG_INFORMATION_FORMAT = "dwarf-with-dsym";
				ENABLE_NS_ASSERTIONS = NO;
				ENABLE_STRICT_OBJC_MSGSEND = YES;
				ENABLE_USER_SCRIPT_SANDBOXING = YES;
				GCC_C_LANGUAGE_STANDARD = gnu17;
				GCC_NO_COMMON_BLOCKS = YES;
				GCC_WARN_64_TO_32_BIT_CONVERSION = YES;
				GCC_WARN_ABOUT_RETURN_TYPE = YES_ERROR;
				GCC_WARN_UNDECLARED_SELECTOR = YES;
				GCC_WARN_UNINITIALIZED_AUTOS = YES_AGGRESSIVE;
				GCC_WARN_UNUSED_FUNCTION = YES;
				GCC_WARN_UNUSED_VARIABLE = YES;
				IPHONEOS_DEPLOYMENT_TARGET = 17.2;
				LOCALIZATION_PREFERS_STRING_CATALOGS = YES;
				MTL_ENABLE_DEBUG_INFO = NO;
				MTL_FAST_MATH = YES;
				SDKROOT = iphoneos;
				SWIFT_COMPILATION_MODE = wholemodule;
				VALIDATE_PRODUCT = YES;
			};
			name = Release;
		};
		7A073A1A2B8D111A0004EC0B /* Debug */ = {
			isa = XCBuildConfiguration;
			buildSettings = {
				ASSETCATALOG_COMPILER_APPICON_NAME = AppIcon;
				ASSETCATALOG_COMPILER_GLOBAL_ACCENT_COLOR_NAME = AccentColor;
				CODE_SIGN_STYLE = Automatic;
				CURRENT_PROJECT_VERSION = 1;
				DEVELOPMENT_ASSET_PATHS = "\"Location-Based-Coupons/Preview Content\"";
				DEVELOPMENT_TEAM = GLKAG42YK6;
				ENABLE_PREVIEWS = YES;
				GENERATE_INFOPLIST_FILE = YES;
				INFOPLIST_KEY_UIApplicationSceneManifest_Generation = YES;
				INFOPLIST_KEY_UIApplicationSupportsIndirectInputEvents = YES;
				INFOPLIST_KEY_UILaunchScreen_Generation = YES;
				INFOPLIST_KEY_UISupportedInterfaceOrientations_iPad = "UIInterfaceOrientationPortrait UIInterfaceOrientationPortraitUpsideDown UIInterfaceOrientationLandscapeLeft UIInterfaceOrientationLandscapeRight";
				INFOPLIST_KEY_UISupportedInterfaceOrientations_iPhone = "UIInterfaceOrientationPortrait UIInterfaceOrientationLandscapeLeft UIInterfaceOrientationLandscapeRight";
				LD_RUNPATH_SEARCH_PATHS = (
					"$(inherited)",
					"@executable_path/Frameworks",
				);
				MARKETING_VERSION = 1.0;
				PRODUCT_BUNDLE_IDENTIFIER = "POOSD18.Location-Based-Coupons";
				PRODUCT_NAME = "$(TARGET_NAME)";
				SWIFT_EMIT_LOC_STRINGS = YES;
				SWIFT_VERSION = 5.0;
				TARGETED_DEVICE_FAMILY = "1,2";
			};
			name = Debug;
		};
		7A073A1B2B8D111A0004EC0B /* Release */ = {
			isa = XCBuildConfiguration;
			buildSettings = {
				ASSETCATALOG_COMPILER_APPICON_NAME = AppIcon;
				ASSETCATALOG_COMPILER_GLOBAL_ACCENT_COLOR_NAME = AccentColor;
				CODE_SIGN_STYLE = Automatic;
				CURRENT_PROJECT_VERSION = 1;
				DEVELOPMENT_ASSET_PATHS = "\"Location-Based-Coupons/Preview Content\"";
				DEVELOPMENT_TEAM = GLKAG42YK6;
				ENABLE_PREVIEWS = YES;
				GENERATE_INFOPLIST_FILE = YES;
				INFOPLIST_KEY_UIApplicationSceneManifest_Generation = YES;
				INFOPLIST_KEY_UIApplicationSupportsIndirectInputEvents = YES;
				INFOPLIST_KEY_UILaunchScreen_Generation = YES;
				INFOPLIST_KEY_UISupportedInterfaceOrientations_iPad = "UIInterfaceOrientationPortrait UIInterfaceOrientationPortraitUpsideDown UIInterfaceOrientationLandscapeLeft UIInterfaceOrientationLandscapeRight";
				INFOPLIST_KEY_UISupportedInterfaceOrientations_iPhone = "UIInterfaceOrientationPortrait UIInterfaceOrientationLandscapeLeft UIInterfaceOrientationLandscapeRight";
				LD_RUNPATH_SEARCH_PATHS = (
					"$(inherited)",
					"@executable_path/Frameworks",
				);
				MARKETING_VERSION = 1.0;
				PRODUCT_BUNDLE_IDENTIFIER = "POOSD18.Location-Based-Coupons";
				PRODUCT_NAME = "$(TARGET_NAME)";
				SWIFT_EMIT_LOC_STRINGS = YES;
				SWIFT_VERSION = 5.0;
				TARGETED_DEVICE_FAMILY = "1,2";
			};
			name = Release;
		};
/* End XCBuildConfiguration section */

/* Begin XCConfigurationList section */
		7A073A062B8D11150004EC0B /* Build configuration list for PBXProject "Location-Based-Coupons" */ = {
			isa = XCConfigurationList;
			buildConfigurations = (
				7A073A172B8D111A0004EC0B /* Debug */,
				7A073A182B8D111A0004EC0B /* Release */,
			);
			defaultConfigurationIsVisible = 0;
			defaultConfigurationName = Release;
		};
		7A073A192B8D111A0004EC0B /* Build configuration list for PBXNativeTarget "Location-Based-Coupons" */ = {
			isa = XCConfigurationList;
			buildConfigurations = (
				7A073A1A2B8D111A0004EC0B /* Debug */,
				7A073A1B2B8D111A0004EC0B /* Release */,
			);
			defaultConfigurationIsVisible = 0;
			defaultConfigurationName = Release;
		};
/* End XCConfigurationList section */

/* Begin XCRemoteSwiftPackageReference section */
		7A1932B72B91128A005BF32B /* XCRemoteSwiftPackageReference "firebase-ios-sdk" */ = {
			isa = XCRemoteSwiftPackageReference;
			repositoryURL = "https://github.com/firebase/firebase-ios-sdk";
			requirement = {
				kind = upToNextMajorVersion;
				minimumVersion = 10.21.0;
			};
		};
/* End XCRemoteSwiftPackageReference section */

/* Begin XCSwiftPackageProductDependency section */
		7A1932B82B91128A005BF32B /* FirebaseAnalytics */ = {
			isa = XCSwiftPackageProductDependency;
			package = 7A1932B72B91128A005BF32B /* XCRemoteSwiftPackageReference "firebase-ios-sdk" */;
			productName = FirebaseAnalytics;
		};
		7A1932BA2B91128A005BF32B /* FirebaseAnalyticsOnDeviceConversion */ = {
			isa = XCSwiftPackageProductDependency;
			package = 7A1932B72B91128A005BF32B /* XCRemoteSwiftPackageReference "firebase-ios-sdk" */;
			productName = FirebaseAnalyticsOnDeviceConversion;
		};
		7A1932BC2B91128A005BF32B /* FirebaseAnalyticsSwift */ = {
			isa = XCSwiftPackageProductDependency;
			package = 7A1932B72B91128A005BF32B /* XCRemoteSwiftPackageReference "firebase-ios-sdk" */;
			productName = FirebaseAnalyticsSwift;
		};
		7A1932BE2B91128A005BF32B /* FirebaseAnalyticsWithoutAdIdSupport */ = {
			isa = XCSwiftPackageProductDependency;
			package = 7A1932B72B91128A005BF32B /* XCRemoteSwiftPackageReference "firebase-ios-sdk" */;
			productName = FirebaseAnalyticsWithoutAdIdSupport;
		};
		7A1932C02B91128A005BF32B /* FirebaseAppCheck */ = {
			isa = XCSwiftPackageProductDependency;
			package = 7A1932B72B91128A005BF32B /* XCRemoteSwiftPackageReference "firebase-ios-sdk" */;
			productName = FirebaseAppCheck;
		};
		7A35CDC62B940071006E4E6D /* FirebaseAnalytics */ = {
			isa = XCSwiftPackageProductDependency;
			package = 7A1932B72B91128A005BF32B /* XCRemoteSwiftPackageReference "firebase-ios-sdk" */;
			productName = FirebaseAnalytics;
		};
		7A35CDC82B940071006E4E6D /* FirebaseAnalyticsOnDeviceConversion */ = {
			isa = XCSwiftPackageProductDependency;
			package = 7A1932B72B91128A005BF32B /* XCRemoteSwiftPackageReference "firebase-ios-sdk" */;
			productName = FirebaseAnalyticsOnDeviceConversion;
		};
		7A35CDCA2B940071006E4E6D /* FirebaseAnalyticsSwift */ = {
			isa = XCSwiftPackageProductDependency;
			package = 7A1932B72B91128A005BF32B /* XCRemoteSwiftPackageReference "firebase-ios-sdk" */;
			productName = FirebaseAnalyticsSwift;
		};
		7A35CDCC2B940071006E4E6D /* FirebaseAnalyticsWithoutAdIdSupport */ = {
			isa = XCSwiftPackageProductDependency;
			package = 7A1932B72B91128A005BF32B /* XCRemoteSwiftPackageReference "firebase-ios-sdk" */;
			productName = FirebaseAnalyticsWithoutAdIdSupport;
		};
		7A35CDCE2B940071006E4E6D /* FirebaseAppCheck */ = {
			isa = XCSwiftPackageProductDependency;
			package = 7A1932B72B91128A005BF32B /* XCRemoteSwiftPackageReference "firebase-ios-sdk" */;
			productName = FirebaseAppCheck;
		};
		7A35CDD02B940071006E4E6D /* FirebaseAppDistribution-Beta */ = {
			isa = XCSwiftPackageProductDependency;
			package = 7A1932B72B91128A005BF32B /* XCRemoteSwiftPackageReference "firebase-ios-sdk" */;
			productName = "FirebaseAppDistribution-Beta";
		};
		7A35CDD22B940071006E4E6D /* FirebaseAuth */ = {
			isa = XCSwiftPackageProductDependency;
			package = 7A1932B72B91128A005BF32B /* XCRemoteSwiftPackageReference "firebase-ios-sdk" */;
			productName = FirebaseAuth;
		};
		7A35CDD42B940071006E4E6D /* FirebaseAuthCombine-Community */ = {
			isa = XCSwiftPackageProductDependency;
			package = 7A1932B72B91128A005BF32B /* XCRemoteSwiftPackageReference "firebase-ios-sdk" */;
			productName = "FirebaseAuthCombine-Community";
		};
		7A35CDD62B940071006E4E6D /* FirebaseCrashlytics */ = {
			isa = XCSwiftPackageProductDependency;
			package = 7A1932B72B91128A005BF32B /* XCRemoteSwiftPackageReference "firebase-ios-sdk" */;
			productName = FirebaseCrashlytics;
		};
		7A35CDD82B940071006E4E6D /* FirebaseDatabase */ = {
			isa = XCSwiftPackageProductDependency;
			package = 7A1932B72B91128A005BF32B /* XCRemoteSwiftPackageReference "firebase-ios-sdk" */;
			productName = FirebaseDatabase;
		};
		7A35CDDA2B940071006E4E6D /* FirebaseDatabaseSwift */ = {
			isa = XCSwiftPackageProductDependency;
			package = 7A1932B72B91128A005BF32B /* XCRemoteSwiftPackageReference "firebase-ios-sdk" */;
			productName = FirebaseDatabaseSwift;
		};
		7A35CDDC2B940071006E4E6D /* FirebaseDynamicLinks */ = {
			isa = XCSwiftPackageProductDependency;
			package = 7A1932B72B91128A005BF32B /* XCRemoteSwiftPackageReference "firebase-ios-sdk" */;
			productName = FirebaseDynamicLinks;
		};
		7A35CDDE2B940071006E4E6D /* FirebaseFirestore */ = {
			isa = XCSwiftPackageProductDependency;
			package = 7A1932B72B91128A005BF32B /* XCRemoteSwiftPackageReference "firebase-ios-sdk" */;
			productName = FirebaseFirestore;
		};
		7A35CDE02B940071006E4E6D /* FirebaseFirestoreCombine-Community */ = {
			isa = XCSwiftPackageProductDependency;
			package = 7A1932B72B91128A005BF32B /* XCRemoteSwiftPackageReference "firebase-ios-sdk" */;
			productName = "FirebaseFirestoreCombine-Community";
		};
		7A35CDE22B940071006E4E6D /* FirebaseFirestoreSwift */ = {
			isa = XCSwiftPackageProductDependency;
			package = 7A1932B72B91128A005BF32B /* XCRemoteSwiftPackageReference "firebase-ios-sdk" */;
			productName = FirebaseFirestoreSwift;
		};
		7A35CDE42B940071006E4E6D /* FirebaseFunctions */ = {
			isa = XCSwiftPackageProductDependency;
			package = 7A1932B72B91128A005BF32B /* XCRemoteSwiftPackageReference "firebase-ios-sdk" */;
			productName = FirebaseFunctions;
		};
		7A35CDE62B940071006E4E6D /* FirebaseFunctionsCombine-Community */ = {
			isa = XCSwiftPackageProductDependency;
			package = 7A1932B72B91128A005BF32B /* XCRemoteSwiftPackageReference "firebase-ios-sdk" */;
			productName = "FirebaseFunctionsCombine-Community";
		};
		7A35CDE82B940071006E4E6D /* FirebaseInAppMessaging-Beta */ = {
			isa = XCSwiftPackageProductDependency;
			package = 7A1932B72B91128A005BF32B /* XCRemoteSwiftPackageReference "firebase-ios-sdk" */;
			productName = "FirebaseInAppMessaging-Beta";
		};
		7A35CDEA2B940071006E4E6D /* FirebaseInAppMessagingSwift-Beta */ = {
			isa = XCSwiftPackageProductDependency;
			package = 7A1932B72B91128A005BF32B /* XCRemoteSwiftPackageReference "firebase-ios-sdk" */;
			productName = "FirebaseInAppMessagingSwift-Beta";
		};
		7A35CDEC2B940071006E4E6D /* FirebaseInstallations */ = {
			isa = XCSwiftPackageProductDependency;
			package = 7A1932B72B91128A005BF32B /* XCRemoteSwiftPackageReference "firebase-ios-sdk" */;
			productName = FirebaseInstallations;
		};
		7A35CDEE2B940071006E4E6D /* FirebaseMLModelDownloader */ = {
			isa = XCSwiftPackageProductDependency;
			package = 7A1932B72B91128A005BF32B /* XCRemoteSwiftPackageReference "firebase-ios-sdk" */;
			productName = FirebaseMLModelDownloader;
		};
		7A35CDF02B940071006E4E6D /* FirebaseMessaging */ = {
			isa = XCSwiftPackageProductDependency;
			package = 7A1932B72B91128A005BF32B /* XCRemoteSwiftPackageReference "firebase-ios-sdk" */;
			productName = FirebaseMessaging;
		};
		7A35CDF22B940071006E4E6D /* FirebasePerformance */ = {
			isa = XCSwiftPackageProductDependency;
			package = 7A1932B72B91128A005BF32B /* XCRemoteSwiftPackageReference "firebase-ios-sdk" */;
			productName = FirebasePerformance;
		};
		7A35CDF42B940071006E4E6D /* FirebaseRemoteConfig */ = {
			isa = XCSwiftPackageProductDependency;
			package = 7A1932B72B91128A005BF32B /* XCRemoteSwiftPackageReference "firebase-ios-sdk" */;
			productName = FirebaseRemoteConfig;
		};
		7A35CDF62B940071006E4E6D /* FirebaseRemoteConfigSwift */ = {
			isa = XCSwiftPackageProductDependency;
			package = 7A1932B72B91128A005BF32B /* XCRemoteSwiftPackageReference "firebase-ios-sdk" */;
			productName = FirebaseRemoteConfigSwift;
		};
		7A35CDF82B940071006E4E6D /* FirebaseStorage */ = {
			isa = XCSwiftPackageProductDependency;
			package = 7A1932B72B91128A005BF32B /* XCRemoteSwiftPackageReference "firebase-ios-sdk" */;
			productName = FirebaseStorage;
		};
		7A35CDFA2B940071006E4E6D /* FirebaseStorageCombine-Community */ = {
			isa = XCSwiftPackageProductDependency;
			package = 7A1932B72B91128A005BF32B /* XCRemoteSwiftPackageReference "firebase-ios-sdk" */;
			productName = "FirebaseStorageCombine-Community";
		};
		7ABFA21B2BBD0A6100D5DC3F /* FirebaseAnalytics */ = {
			isa = XCSwiftPackageProductDependency;
			package = 7A1932B72B91128A005BF32B /* XCRemoteSwiftPackageReference "firebase-ios-sdk" */;
			productName = FirebaseAnalytics;
		};
		7ABFA21D2BBD0A6100D5DC3F /* FirebaseAnalyticsOnDeviceConversion */ = {
			isa = XCSwiftPackageProductDependency;
			package = 7A1932B72B91128A005BF32B /* XCRemoteSwiftPackageReference "firebase-ios-sdk" */;
			productName = FirebaseAnalyticsOnDeviceConversion;
		};
		7ABFA21F2BBD0A6100D5DC3F /* FirebaseAnalyticsSwift */ = {
			isa = XCSwiftPackageProductDependency;
			package = 7A1932B72B91128A005BF32B /* XCRemoteSwiftPackageReference "firebase-ios-sdk" */;
			productName = FirebaseAnalyticsSwift;
		};
		7ABFA2212BBD0A6100D5DC3F /* FirebaseAnalyticsWithoutAdIdSupport */ = {
			isa = XCSwiftPackageProductDependency;
			package = 7A1932B72B91128A005BF32B /* XCRemoteSwiftPackageReference "firebase-ios-sdk" */;
			productName = FirebaseAnalyticsWithoutAdIdSupport;
		};
		7ABFA2232BBD0A6100D5DC3F /* FirebaseAppCheck */ = {
			isa = XCSwiftPackageProductDependency;
			package = 7A1932B72B91128A005BF32B /* XCRemoteSwiftPackageReference "firebase-ios-sdk" */;
			productName = FirebaseAppCheck;
		};
		7ABFA2252BBD0A6100D5DC3F /* FirebaseAppDistribution-Beta */ = {
			isa = XCSwiftPackageProductDependency;
			package = 7A1932B72B91128A005BF32B /* XCRemoteSwiftPackageReference "firebase-ios-sdk" */;
			productName = "FirebaseAppDistribution-Beta";
		};
		7ABFA2272BBD0A6100D5DC3F /* FirebaseAuth */ = {
			isa = XCSwiftPackageProductDependency;
			package = 7A1932B72B91128A005BF32B /* XCRemoteSwiftPackageReference "firebase-ios-sdk" */;
			productName = FirebaseAuth;
		};
		7ABFA2292BBD0A6100D5DC3F /* FirebaseAuthCombine-Community */ = {
			isa = XCSwiftPackageProductDependency;
			package = 7A1932B72B91128A005BF32B /* XCRemoteSwiftPackageReference "firebase-ios-sdk" */;
			productName = "FirebaseAuthCombine-Community";
		};
		7ABFA22B2BBD0A6100D5DC3F /* FirebaseCrashlytics */ = {
			isa = XCSwiftPackageProductDependency;
			package = 7A1932B72B91128A005BF32B /* XCRemoteSwiftPackageReference "firebase-ios-sdk" */;
			productName = FirebaseCrashlytics;
		};
		7ABFA22D2BBD0A6100D5DC3F /* FirebaseDatabase */ = {
			isa = XCSwiftPackageProductDependency;
			package = 7A1932B72B91128A005BF32B /* XCRemoteSwiftPackageReference "firebase-ios-sdk" */;
			productName = FirebaseDatabase;
		};
		7ABFA22F2BBD0A6100D5DC3F /* FirebaseDatabaseSwift */ = {
			isa = XCSwiftPackageProductDependency;
			package = 7A1932B72B91128A005BF32B /* XCRemoteSwiftPackageReference "firebase-ios-sdk" */;
			productName = FirebaseDatabaseSwift;
		};
		7ABFA2312BBD0A6100D5DC3F /* FirebaseDynamicLinks */ = {
			isa = XCSwiftPackageProductDependency;
			package = 7A1932B72B91128A005BF32B /* XCRemoteSwiftPackageReference "firebase-ios-sdk" */;
			productName = FirebaseDynamicLinks;
		};
		7ABFA2332BBD0A6100D5DC3F /* FirebaseFirestore */ = {
			isa = XCSwiftPackageProductDependency;
			package = 7A1932B72B91128A005BF32B /* XCRemoteSwiftPackageReference "firebase-ios-sdk" */;
			productName = FirebaseFirestore;
		};
		7ABFA2352BBD0A6100D5DC3F /* FirebaseFirestoreCombine-Community */ = {
			isa = XCSwiftPackageProductDependency;
			package = 7A1932B72B91128A005BF32B /* XCRemoteSwiftPackageReference "firebase-ios-sdk" */;
			productName = "FirebaseFirestoreCombine-Community";
		};
		7ABFA2372BBD0A6100D5DC3F /* FirebaseFirestoreSwift */ = {
			isa = XCSwiftPackageProductDependency;
			package = 7A1932B72B91128A005BF32B /* XCRemoteSwiftPackageReference "firebase-ios-sdk" */;
			productName = FirebaseFirestoreSwift;
		};
		7ABFA2392BBD0A6100D5DC3F /* FirebaseFunctions */ = {
			isa = XCSwiftPackageProductDependency;
			package = 7A1932B72B91128A005BF32B /* XCRemoteSwiftPackageReference "firebase-ios-sdk" */;
			productName = FirebaseFunctions;
		};
		7ABFA23B2BBD0A6100D5DC3F /* FirebaseFunctionsCombine-Community */ = {
			isa = XCSwiftPackageProductDependency;
			package = 7A1932B72B91128A005BF32B /* XCRemoteSwiftPackageReference "firebase-ios-sdk" */;
			productName = "FirebaseFunctionsCombine-Community";
		};
		7ABFA23D2BBD0A6100D5DC3F /* FirebaseInAppMessaging-Beta */ = {
			isa = XCSwiftPackageProductDependency;
			package = 7A1932B72B91128A005BF32B /* XCRemoteSwiftPackageReference "firebase-ios-sdk" */;
			productName = "FirebaseInAppMessaging-Beta";
		};
		7ABFA23F2BBD0A6100D5DC3F /* FirebaseInAppMessagingSwift-Beta */ = {
			isa = XCSwiftPackageProductDependency;
			package = 7A1932B72B91128A005BF32B /* XCRemoteSwiftPackageReference "firebase-ios-sdk" */;
			productName = "FirebaseInAppMessagingSwift-Beta";
		};
		7ABFA2412BBD0A6100D5DC3F /* FirebaseInstallations */ = {
			isa = XCSwiftPackageProductDependency;
			package = 7A1932B72B91128A005BF32B /* XCRemoteSwiftPackageReference "firebase-ios-sdk" */;
			productName = FirebaseInstallations;
		};
		7ABFA2432BBD0A6100D5DC3F /* FirebaseMLModelDownloader */ = {
			isa = XCSwiftPackageProductDependency;
			package = 7A1932B72B91128A005BF32B /* XCRemoteSwiftPackageReference "firebase-ios-sdk" */;
			productName = FirebaseMLModelDownloader;
		};
		7ABFA2452BBD0A6100D5DC3F /* FirebaseMessaging */ = {
			isa = XCSwiftPackageProductDependency;
			package = 7A1932B72B91128A005BF32B /* XCRemoteSwiftPackageReference "firebase-ios-sdk" */;
			productName = FirebaseMessaging;
		};
		7ABFA2472BBD0A6100D5DC3F /* FirebasePerformance */ = {
			isa = XCSwiftPackageProductDependency;
			package = 7A1932B72B91128A005BF32B /* XCRemoteSwiftPackageReference "firebase-ios-sdk" */;
			productName = FirebasePerformance;
		};
		7ABFA2492BBD0A6100D5DC3F /* FirebaseRemoteConfig */ = {
			isa = XCSwiftPackageProductDependency;
			package = 7A1932B72B91128A005BF32B /* XCRemoteSwiftPackageReference "firebase-ios-sdk" */;
			productName = FirebaseRemoteConfig;
		};
		7ABFA24B2BBD0A6100D5DC3F /* FirebaseRemoteConfigSwift */ = {
			isa = XCSwiftPackageProductDependency;
			package = 7A1932B72B91128A005BF32B /* XCRemoteSwiftPackageReference "firebase-ios-sdk" */;
			productName = FirebaseRemoteConfigSwift;
		};
		7ABFA24D2BBD0A6100D5DC3F /* FirebaseStorage */ = {
			isa = XCSwiftPackageProductDependency;
			package = 7A1932B72B91128A005BF32B /* XCRemoteSwiftPackageReference "firebase-ios-sdk" */;
			productName = FirebaseStorage;
		};
		7ABFA24F2BBD0A6100D5DC3F /* FirebaseStorageCombine-Community */ = {
			isa = XCSwiftPackageProductDependency;
			package = 7A1932B72B91128A005BF32B /* XCRemoteSwiftPackageReference "firebase-ios-sdk" */;
			productName = "FirebaseStorageCombine-Community";
		};
		7ABFA2512BBD0A7D00D5DC3F /* FirebaseAnalytics */ = {
			isa = XCSwiftPackageProductDependency;
			package = 7A1932B72B91128A005BF32B /* XCRemoteSwiftPackageReference "firebase-ios-sdk" */;
			productName = FirebaseAnalytics;
		};
		7ABFA2532BBD0A7D00D5DC3F /* FirebaseAnalyticsOnDeviceConversion */ = {
			isa = XCSwiftPackageProductDependency;
			package = 7A1932B72B91128A005BF32B /* XCRemoteSwiftPackageReference "firebase-ios-sdk" */;
			productName = FirebaseAnalyticsOnDeviceConversion;
		};
		7ABFA2552BBD0A7D00D5DC3F /* FirebaseAnalyticsSwift */ = {
			isa = XCSwiftPackageProductDependency;
			package = 7A1932B72B91128A005BF32B /* XCRemoteSwiftPackageReference "firebase-ios-sdk" */;
			productName = FirebaseAnalyticsSwift;
		};
		7ABFA2572BBD0A7D00D5DC3F /* FirebaseAnalyticsWithoutAdIdSupport */ = {
			isa = XCSwiftPackageProductDependency;
			package = 7A1932B72B91128A005BF32B /* XCRemoteSwiftPackageReference "firebase-ios-sdk" */;
			productName = FirebaseAnalyticsWithoutAdIdSupport;
		};
		7ABFA2592BBD0A7D00D5DC3F /* FirebaseAppCheck */ = {
			isa = XCSwiftPackageProductDependency;
			package = 7A1932B72B91128A005BF32B /* XCRemoteSwiftPackageReference "firebase-ios-sdk" */;
			productName = FirebaseAppCheck;
		};
		7ABFA25B2BBD0BF200D5DC3F /* FirebaseAnalytics */ = {
			isa = XCSwiftPackageProductDependency;
			package = 7A1932B72B91128A005BF32B /* XCRemoteSwiftPackageReference "firebase-ios-sdk" */;
			productName = FirebaseAnalytics;
		};
		7ABFA25D2BBD0BF200D5DC3F /* FirebaseAnalyticsOnDeviceConversion */ = {
			isa = XCSwiftPackageProductDependency;
			package = 7A1932B72B91128A005BF32B /* XCRemoteSwiftPackageReference "firebase-ios-sdk" */;
			productName = FirebaseAnalyticsOnDeviceConversion;
		};
		7ABFA25F2BBD0BF200D5DC3F /* FirebaseAnalyticsSwift */ = {
			isa = XCSwiftPackageProductDependency;
			package = 7A1932B72B91128A005BF32B /* XCRemoteSwiftPackageReference "firebase-ios-sdk" */;
			productName = FirebaseAnalyticsSwift;
		};
		7ABFA2612BBD0BF200D5DC3F /* FirebaseAnalyticsWithoutAdIdSupport */ = {
			isa = XCSwiftPackageProductDependency;
			package = 7A1932B72B91128A005BF32B /* XCRemoteSwiftPackageReference "firebase-ios-sdk" */;
			productName = FirebaseAnalyticsWithoutAdIdSupport;
		};
		7ABFA2632BBD0BF200D5DC3F /* FirebaseAppCheck */ = {
			isa = XCSwiftPackageProductDependency;
			package = 7A1932B72B91128A005BF32B /* XCRemoteSwiftPackageReference "firebase-ios-sdk" */;
			productName = FirebaseAppCheck;
		};
		7AF859F52B93CA7400722F3E /* FirebaseAnalytics */ = {
			isa = XCSwiftPackageProductDependency;
			package = 7A1932B72B91128A005BF32B /* XCRemoteSwiftPackageReference "firebase-ios-sdk" */;
			productName = FirebaseAnalytics;
		};
		7AF859F72B93CA7400722F3E /* FirebaseAnalyticsOnDeviceConversion */ = {
			isa = XCSwiftPackageProductDependency;
			package = 7A1932B72B91128A005BF32B /* XCRemoteSwiftPackageReference "firebase-ios-sdk" */;
			productName = FirebaseAnalyticsOnDeviceConversion;
		};
		7AF859F92B93CA7400722F3E /* FirebaseAnalyticsSwift */ = {
			isa = XCSwiftPackageProductDependency;
			package = 7A1932B72B91128A005BF32B /* XCRemoteSwiftPackageReference "firebase-ios-sdk" */;
			productName = FirebaseAnalyticsSwift;
		};
		7AF859FB2B93CA7400722F3E /* FirebaseAnalyticsWithoutAdIdSupport */ = {
			isa = XCSwiftPackageProductDependency;
			package = 7A1932B72B91128A005BF32B /* XCRemoteSwiftPackageReference "firebase-ios-sdk" */;
			productName = FirebaseAnalyticsWithoutAdIdSupport;
		};
		7AF859FD2B93CA7400722F3E /* FirebaseAppCheck */ = {
			isa = XCSwiftPackageProductDependency;
			package = 7A1932B72B91128A005BF32B /* XCRemoteSwiftPackageReference "firebase-ios-sdk" */;
			productName = FirebaseAppCheck;
		};
		7AF859FF2B93CA7400722F3E /* FirebaseAppDistribution-Beta */ = {
			isa = XCSwiftPackageProductDependency;
			package = 7A1932B72B91128A005BF32B /* XCRemoteSwiftPackageReference "firebase-ios-sdk" */;
			productName = "FirebaseAppDistribution-Beta";
		};
		7AF85A012B93CA7400722F3E /* FirebaseAuth */ = {
			isa = XCSwiftPackageProductDependency;
			package = 7A1932B72B91128A005BF32B /* XCRemoteSwiftPackageReference "firebase-ios-sdk" */;
			productName = FirebaseAuth;
		};
		7AF85A032B93CA7400722F3E /* FirebaseAuthCombine-Community */ = {
			isa = XCSwiftPackageProductDependency;
			package = 7A1932B72B91128A005BF32B /* XCRemoteSwiftPackageReference "firebase-ios-sdk" */;
			productName = "FirebaseAuthCombine-Community";
		};
		7AF85A052B93CA7400722F3E /* FirebaseCrashlytics */ = {
			isa = XCSwiftPackageProductDependency;
			package = 7A1932B72B91128A005BF32B /* XCRemoteSwiftPackageReference "firebase-ios-sdk" */;
			productName = FirebaseCrashlytics;
		};
		7AF85A072B93CA7400722F3E /* FirebaseDatabase */ = {
			isa = XCSwiftPackageProductDependency;
			package = 7A1932B72B91128A005BF32B /* XCRemoteSwiftPackageReference "firebase-ios-sdk" */;
			productName = FirebaseDatabase;
		};
		7AF85A092B93CA7400722F3E /* FirebaseDatabaseSwift */ = {
			isa = XCSwiftPackageProductDependency;
			package = 7A1932B72B91128A005BF32B /* XCRemoteSwiftPackageReference "firebase-ios-sdk" */;
			productName = FirebaseDatabaseSwift;
		};
		7AF85A0B2B93CA7400722F3E /* FirebaseDynamicLinks */ = {
			isa = XCSwiftPackageProductDependency;
			package = 7A1932B72B91128A005BF32B /* XCRemoteSwiftPackageReference "firebase-ios-sdk" */;
			productName = FirebaseDynamicLinks;
		};
		7AF85A0D2B93CA7400722F3E /* FirebaseFirestore */ = {
			isa = XCSwiftPackageProductDependency;
			package = 7A1932B72B91128A005BF32B /* XCRemoteSwiftPackageReference "firebase-ios-sdk" */;
			productName = FirebaseFirestore;
		};
		7AF85A0F2B93CA7400722F3E /* FirebaseFirestoreCombine-Community */ = {
			isa = XCSwiftPackageProductDependency;
			package = 7A1932B72B91128A005BF32B /* XCRemoteSwiftPackageReference "firebase-ios-sdk" */;
			productName = "FirebaseFirestoreCombine-Community";
		};
		7AF85A112B93CA7400722F3E /* FirebaseFirestoreSwift */ = {
			isa = XCSwiftPackageProductDependency;
			package = 7A1932B72B91128A005BF32B /* XCRemoteSwiftPackageReference "firebase-ios-sdk" */;
			productName = FirebaseFirestoreSwift;
		};
		7AF85A132B93CA7400722F3E /* FirebaseFunctions */ = {
			isa = XCSwiftPackageProductDependency;
			package = 7A1932B72B91128A005BF32B /* XCRemoteSwiftPackageReference "firebase-ios-sdk" */;
			productName = FirebaseFunctions;
		};
		7AF85A152B93CA7400722F3E /* FirebaseFunctionsCombine-Community */ = {
			isa = XCSwiftPackageProductDependency;
			package = 7A1932B72B91128A005BF32B /* XCRemoteSwiftPackageReference "firebase-ios-sdk" */;
			productName = "FirebaseFunctionsCombine-Community";
		};
		7AF85A172B93CA7400722F3E /* FirebaseInAppMessaging-Beta */ = {
			isa = XCSwiftPackageProductDependency;
			package = 7A1932B72B91128A005BF32B /* XCRemoteSwiftPackageReference "firebase-ios-sdk" */;
			productName = "FirebaseInAppMessaging-Beta";
		};
		7AF85A192B93CA7400722F3E /* FirebaseInAppMessagingSwift-Beta */ = {
			isa = XCSwiftPackageProductDependency;
			package = 7A1932B72B91128A005BF32B /* XCRemoteSwiftPackageReference "firebase-ios-sdk" */;
			productName = "FirebaseInAppMessagingSwift-Beta";
		};
		7AF85A1B2B93CA7400722F3E /* FirebaseInstallations */ = {
			isa = XCSwiftPackageProductDependency;
			package = 7A1932B72B91128A005BF32B /* XCRemoteSwiftPackageReference "firebase-ios-sdk" */;
			productName = FirebaseInstallations;
		};
		7AF85A1D2B93CA7400722F3E /* FirebaseMLModelDownloader */ = {
			isa = XCSwiftPackageProductDependency;
			package = 7A1932B72B91128A005BF32B /* XCRemoteSwiftPackageReference "firebase-ios-sdk" */;
			productName = FirebaseMLModelDownloader;
		};
		7AF85A1F2B93CA7400722F3E /* FirebaseMessaging */ = {
			isa = XCSwiftPackageProductDependency;
			package = 7A1932B72B91128A005BF32B /* XCRemoteSwiftPackageReference "firebase-ios-sdk" */;
			productName = FirebaseMessaging;
		};
		7AF85A212B93CA7400722F3E /* FirebasePerformance */ = {
			isa = XCSwiftPackageProductDependency;
			package = 7A1932B72B91128A005BF32B /* XCRemoteSwiftPackageReference "firebase-ios-sdk" */;
			productName = FirebasePerformance;
		};
		7AF85A232B93CA7400722F3E /* FirebaseRemoteConfig */ = {
			isa = XCSwiftPackageProductDependency;
			package = 7A1932B72B91128A005BF32B /* XCRemoteSwiftPackageReference "firebase-ios-sdk" */;
			productName = FirebaseRemoteConfig;
		};
		7AF85A252B93CA7400722F3E /* FirebaseRemoteConfigSwift */ = {
			isa = XCSwiftPackageProductDependency;
			package = 7A1932B72B91128A005BF32B /* XCRemoteSwiftPackageReference "firebase-ios-sdk" */;
			productName = FirebaseRemoteConfigSwift;
		};
		7AF85A272B93CA7400722F3E /* FirebaseStorage */ = {
			isa = XCSwiftPackageProductDependency;
			package = 7A1932B72B91128A005BF32B /* XCRemoteSwiftPackageReference "firebase-ios-sdk" */;
			productName = FirebaseStorage;
		};
		7AF85A292B93CA7400722F3E /* FirebaseStorageCombine-Community */ = {
			isa = XCSwiftPackageProductDependency;
			package = 7A1932B72B91128A005BF32B /* XCRemoteSwiftPackageReference "firebase-ios-sdk" */;
			productName = "FirebaseStorageCombine-Community";
		};
/* End XCSwiftPackageProductDependency section */
	};
	rootObject = 7A073A032B8D11150004EC0B /* Project object */;
}
